// !$*UTF8*$!
{
	archiveVersion = 1;
	classes = {
	};
	objectVersion = 55;
	objects = {

/* Begin PBXBuildFile section */
		7F078F0E2923F40200895441 /* CircleModel.swift in Sources */ = {isa = PBXBuildFile; fileRef = 7F078F0D2923F40200895441 /* CircleModel.swift */; };
		7F078F102923F45A00895441 /* CirclesVC+CollectionVIew.swift in Sources */ = {isa = PBXBuildFile; fileRef = 7F078F0F2923F45A00895441 /* CirclesVC+CollectionVIew.swift */; };
		7F078F122923F49E00895441 /* CirclesVC+Protocol.swift in Sources */ = {isa = PBXBuildFile; fileRef = 7F078F112923F49E00895441 /* CirclesVC+Protocol.swift */; };
		7F078F162923F50700895441 /* CircleCell.swift in Sources */ = {isa = PBXBuildFile; fileRef = 7F078F152923F50700895441 /* CircleCell.swift */; };
		7F078F182923F52B00895441 /* CircleHeader.swift in Sources */ = {isa = PBXBuildFile; fileRef = 7F078F172923F52B00895441 /* CircleHeader.swift */; };
		7F078F1B2923F56B00895441 /* CustomSegmentedControl.swift in Sources */ = {isa = PBXBuildFile; fileRef = 7F078F1A2923F56B00895441 /* CustomSegmentedControl.swift */; };
		7F08218F29200B55008AB3BD /* GoogleService-Info.plist in Resources */ = {isa = PBXBuildFile; fileRef = 7F08218E29200B55008AB3BD /* GoogleService-Info.plist */; };
		7F11EC4E29F708F000029D3A /* SettingsViewHeader.swift in Sources */ = {isa = PBXBuildFile; fileRef = 7F11EC4D29F708F000029D3A /* SettingsViewHeader.swift */; };
		7F157B4129EDF61E00D5BB98 /* PrivacyPolicyVC.swift in Sources */ = {isa = PBXBuildFile; fileRef = 7F157B4029EDF61E00D5BB98 /* PrivacyPolicyVC.swift */; };
		7F30C23528EC44350007AACF /* ViewController.swift in Sources */ = {isa = PBXBuildFile; fileRef = 7F30C23428EC44350007AACF /* ViewController.swift */; };
		7F30C23B28ECDCF00007AACF /* Onboarding.swift in Sources */ = {isa = PBXBuildFile; fileRef = 7F30C23A28ECDCF00007AACF /* Onboarding.swift */; };
		7F30C23F28ECDDF50007AACF /* GFSimpleButton.swift in Sources */ = {isa = PBXBuildFile; fileRef = 7F30C23E28ECDDF50007AACF /* GFSimpleButton.swift */; };
		7F30C24128ECE2710007AACF /* HelperUI.swift in Sources */ = {isa = PBXBuildFile; fileRef = 7F30C24028ECE2710007AACF /* HelperUI.swift */; };
		7F30C24728ECE79F0007AACF /* GFImageView.swift in Sources */ = {isa = PBXBuildFile; fileRef = 7F30C24628ECE79F0007AACF /* GFImageView.swift */; };
		7F30C25128ED8E180007AACF /* BoardingVC.swift in Sources */ = {isa = PBXBuildFile; fileRef = 7F30C25028ED8E180007AACF /* BoardingVC.swift */; };
		7F30C27528EDBDB00007AACF /* BoardingCell.swift in Sources */ = {isa = PBXBuildFile; fileRef = 7F30C27428EDBDB00007AACF /* BoardingCell.swift */; };
		7F30C27828EDC5620007AACF /* GFPageControl.swift in Sources */ = {isa = PBXBuildFile; fileRef = 7F30C27728EDC5620007AACF /* GFPageControl.swift */; };
		7F30C27A28EDC6AE0007AACF /* BoardingVC+Extention.swift in Sources */ = {isa = PBXBuildFile; fileRef = 7F30C27928EDC6AE0007AACF /* BoardingVC+Extention.swift */; };
		7F30C27D28EE07FA0007AACF /* LoginVC.swift in Sources */ = {isa = PBXBuildFile; fileRef = 7F30C27C28EE07FA0007AACF /* LoginVC.swift */; };
		7F30C28328EE09290007AACF /* Login+Protocol.swift in Sources */ = {isa = PBXBuildFile; fileRef = 7F30C28228EE09290007AACF /* Login+Protocol.swift */; };
		7F30C28728EE094F0007AACF /* LoginPresenter.swift in Sources */ = {isa = PBXBuildFile; fileRef = 7F30C28628EE094F0007AACF /* LoginPresenter.swift */; };
		7F30C2A928EE22BE0007AACF /* TextField.swift in Sources */ = {isa = PBXBuildFile; fileRef = 7F30C2A828EE22BE0007AACF /* TextField.swift */; };
		7F30C2B128EF4AD50007AACF /* LoginActiveConstraint.swift in Sources */ = {isa = PBXBuildFile; fileRef = 7F30C2B028EF4AD40007AACF /* LoginActiveConstraint.swift */; };
		7F30C2B328EF62900007AACF /* GFMediaButton.swift in Sources */ = {isa = PBXBuildFile; fileRef = 7F30C2B228EF62900007AACF /* GFMediaButton.swift */; };
		7F3AD4A92937902400AF0AB1 /* UserDefults.swift in Sources */ = {isa = PBXBuildFile; fileRef = 7F3AD4A82937902400AF0AB1 /* UserDefults.swift */; };
		7F3AD4AD2937927300AF0AB1 /* Encodable.swift in Sources */ = {isa = PBXBuildFile; fileRef = 7F3AD4AC2937927300AF0AB1 /* Encodable.swift */; };
		7F3E930229F727AC00E83494 /* CardVC.swift in Sources */ = {isa = PBXBuildFile; fileRef = 7F3E930129F727AC00E83494 /* CardVC.swift */; };
		7F51E5F929E845CC00E5709A /* Alamofire in Frameworks */ = {isa = PBXBuildFile; productRef = 7F51E5F829E845CC00E5709A /* Alamofire */; };
		7F51E5FC29E84B4400E5709A /* FacebookLogin in Frameworks */ = {isa = PBXBuildFile; productRef = 7F51E5FB29E84B4400E5709A /* FacebookLogin */; };
		7F51E60D29E8E25A00E5709A /* GoogleSignIn in Frameworks */ = {isa = PBXBuildFile; productRef = 7F51E60C29E8E25A00E5709A /* GoogleSignIn */; };
		7F549EA32992EBA500E85093 /* GFEmptyStateView.swift in Sources */ = {isa = PBXBuildFile; fileRef = 7F549EA22992EBA500E85093 /* GFEmptyStateView.swift */; };
		7F55642928F1FD10009342A6 /* GFAlertVC.swift in Sources */ = {isa = PBXBuildFile; fileRef = 7F55642828F1FD10009342A6 /* GFAlertVC.swift */; };
		7F55642B28F1FD71009342A6 /* GFAlertContainerView.swift in Sources */ = {isa = PBXBuildFile; fileRef = 7F55642A28F1FD71009342A6 /* GFAlertContainerView.swift */; };
		7F61788A290DBAE700AA101B /* NetworkManger.swift in Sources */ = {isa = PBXBuildFile; fileRef = 7F617889290DBAE700AA101B /* NetworkManger.swift */; };
		7F61788C290DC4CF00AA101B /* ParsingJson.swift in Sources */ = {isa = PBXBuildFile; fileRef = 7F61788B290DC4CF00AA101B /* ParsingJson.swift */; };
		7F61788E290DCA8D00AA101B /* URLs.swift in Sources */ = {isa = PBXBuildFile; fileRef = 7F61788D290DCA8D00AA101B /* URLs.swift */; };
		7F617890290DD00A00AA101B /* LoginModel.swift in Sources */ = {isa = PBXBuildFile; fileRef = 7F61788F290DD00A00AA101B /* LoginModel.swift */; };
		7F617892290DD1F700AA101B /* SginUpModel.swift in Sources */ = {isa = PBXBuildFile; fileRef = 7F617891290DD1F700AA101B /* SginUpModel.swift */; };
		7F62DD8F28FDFB3400FEC944 /* HeaderView.swift in Sources */ = {isa = PBXBuildFile; fileRef = 7F62DD8E28FDFB3400FEC944 /* HeaderView.swift */; };
		7F62DD97290018B100FEC944 /* HeaderCell.swift in Sources */ = {isa = PBXBuildFile; fileRef = 7F62DD96290018B100FEC944 /* HeaderCell.swift */; };
		7F73C9F92960C24000579170 /* HomeModel.swift in Sources */ = {isa = PBXBuildFile; fileRef = 7F73C9F82960C24000579170 /* HomeModel.swift */; };
		7F73C9FB2960C26200579170 /* AboutCatModel.swift in Sources */ = {isa = PBXBuildFile; fileRef = 7F73C9FA2960C26200579170 /* AboutCatModel.swift */; };
		7F73C9FD2960C2D200579170 /* Home+Protocol.swift in Sources */ = {isa = PBXBuildFile; fileRef = 7F73C9FC2960C2D200579170 /* Home+Protocol.swift */; };
		7F73C9FF2960C36C00579170 /* AboutCatHeaderCell.swift in Sources */ = {isa = PBXBuildFile; fileRef = 7F73C9FE2960C36C00579170 /* AboutCatHeaderCell.swift */; };
		7F73CA022960C3CB00579170 /* AboutCatVC.swift in Sources */ = {isa = PBXBuildFile; fileRef = 7F73CA012960C3CB00579170 /* AboutCatVC.swift */; };
		7F73CA042960C3F600579170 /* AboutCatVC+CollectionView.swift in Sources */ = {isa = PBXBuildFile; fileRef = 7F73CA032960C3F600579170 /* AboutCatVC+CollectionView.swift */; };
		7F73CA062960C41C00579170 /* AboutCat+Protocol.swift in Sources */ = {isa = PBXBuildFile; fileRef = 7F73CA052960C41C00579170 /* AboutCat+Protocol.swift */; };
		7F73CA092960C47E00579170 /* HomePresenter.swift in Sources */ = {isa = PBXBuildFile; fileRef = 7F73CA082960C47E00579170 /* HomePresenter.swift */; };
		7F73CA0B2960C49900579170 /* AboutCatPresenter.swift in Sources */ = {isa = PBXBuildFile; fileRef = 7F73CA0A2960C49900579170 /* AboutCatPresenter.swift */; };
		7F73CA0D2960C4F500579170 /* CirclesPresenter.swift in Sources */ = {isa = PBXBuildFile; fileRef = 7F73CA0C2960C4F500579170 /* CirclesPresenter.swift */; };
		7F73CA0F2960C6AD00579170 /* CircleDetails+CollectionVIew.swift in Sources */ = {isa = PBXBuildFile; fileRef = 7F73CA0E2960C6AD00579170 /* CircleDetails+CollectionVIew.swift */; };
		7F73CA112960C92000579170 /* Full_imageVC.swift in Sources */ = {isa = PBXBuildFile; fileRef = 7F73CA102960C92000579170 /* Full_imageVC.swift */; };
		7F73CA132960CFC800579170 /* CircleDetailsPresenter.swift in Sources */ = {isa = PBXBuildFile; fileRef = 7F73CA122960CFC800579170 /* CircleDetailsPresenter.swift */; };
		7F88724E298D45B50047A61D /* Event+CollectionView.swift in Sources */ = {isa = PBXBuildFile; fileRef = 7F88724D298D45B50047A61D /* Event+CollectionView.swift */; };
		7F887251298D46E00047A61D /* EventCell.swift in Sources */ = {isa = PBXBuildFile; fileRef = 7F887250298D46E00047A61D /* EventCell.swift */; };
		7F887253298E76FF0047A61D /* SegmentView.swift in Sources */ = {isa = PBXBuildFile; fileRef = 7F887252298E76FF0047A61D /* SegmentView.swift */; };
		7F887256298E78970047A61D /* EventsHeader.swift in Sources */ = {isa = PBXBuildFile; fileRef = 7F887255298E78970047A61D /* EventsHeader.swift */; };
		7F887258298E79E90047A61D /* Events+Protocol.swift in Sources */ = {isa = PBXBuildFile; fileRef = 7F887257298E79E90047A61D /* Events+Protocol.swift */; };
		7F88725B298E7D330047A61D /* EventsModel.swift in Sources */ = {isa = PBXBuildFile; fileRef = 7F88725A298E7D330047A61D /* EventsModel.swift */; };
		7F88725D2990207F0047A61D /* String.swift in Sources */ = {isa = PBXBuildFile; fileRef = 7F88725C2990207F0047A61D /* String.swift */; };
		7F887260299025AC0047A61D /* ImageContainerCell.swift in Sources */ = {isa = PBXBuildFile; fileRef = 7F88725F299025AC0047A61D /* ImageContainerCell.swift */; };
		7F8872642991584D0047A61D /* EventDetailsVC.swift in Sources */ = {isa = PBXBuildFile; fileRef = 7F8872632991584D0047A61D /* EventDetailsVC.swift */; };
		7F88726629915A990047A61D /* Events+CollectionView.swift in Sources */ = {isa = PBXBuildFile; fileRef = 7F88726529915A990047A61D /* Events+CollectionView.swift */; };
		7F88726829915E350047A61D /* EventDetailsHeaderCell.swift in Sources */ = {isa = PBXBuildFile; fileRef = 7F88726729915E350047A61D /* EventDetailsHeaderCell.swift */; };
		7F8996A02997B91A0090C4B2 /* ProfileVC.swift in Sources */ = {isa = PBXBuildFile; fileRef = 7F89969F2997B91A0090C4B2 /* ProfileVC.swift */; };
		7F8996A32997B9A70090C4B2 /* SettingsVC.swift in Sources */ = {isa = PBXBuildFile; fileRef = 7F8996A22997B9A70090C4B2 /* SettingsVC.swift */; };
		7F8996A52997D1D70090C4B2 /* DarkTheme.swift in Sources */ = {isa = PBXBuildFile; fileRef = 7F8996A42997D1D70090C4B2 /* DarkTheme.swift */; };
		7F8996A72997DB110090C4B2 /* Settings+TableView.swift in Sources */ = {isa = PBXBuildFile; fileRef = 7F8996A62997DB110090C4B2 /* Settings+TableView.swift */; };
		7F8996AC2997F1360090C4B2 /* GFSimpleCell.swift in Sources */ = {isa = PBXBuildFile; fileRef = 7F8996AB2997F1360090C4B2 /* GFSimpleCell.swift */; };
		7F8996AE2998487D0090C4B2 /* SettingsModel.swift in Sources */ = {isa = PBXBuildFile; fileRef = 7F8996AD2998487D0090C4B2 /* SettingsModel.swift */; };
		7F8F22CC2A17C705003DE448 /* NetwokServices.swift in Sources */ = {isa = PBXBuildFile; fileRef = 7F8F22CB2A17C705003DE448 /* NetwokServices.swift */; };
		7F8F22CE2A17CB2D003DE448 /* NetwokComponents.swift in Sources */ = {isa = PBXBuildFile; fileRef = 7F8F22CD2A17CB2D003DE448 /* NetwokComponents.swift */; };
		7F8F22D12A184808003DE448 /* AuthServices.swift in Sources */ = {isa = PBXBuildFile; fileRef = 7F8F22D02A184808003DE448 /* AuthServices.swift */; };
		7F8F22D42A1946D6003DE448 /* LoginServices.swift in Sources */ = {isa = PBXBuildFile; fileRef = 7F8F22D32A1946D6003DE448 /* LoginServices.swift */; };
		7F8F22D62A19564B003DE448 /* RegisterServices.swift in Sources */ = {isa = PBXBuildFile; fileRef = 7F8F22D52A19564A003DE448 /* RegisterServices.swift */; };
		7F9052B128EB731A0044F76C /* GFTitleLabel.swift in Sources */ = {isa = PBXBuildFile; fileRef = 7F9052B028EB731A0044F76C /* GFTitleLabel.swift */; };
		7F9052B328EB748C0044F76C /* GFBodyLabel.swift in Sources */ = {isa = PBXBuildFile; fileRef = 7F9052B228EB748C0044F76C /* GFBodyLabel.swift */; };
		7F9052B528EB76D20044F76C /* GFTextField.swift in Sources */ = {isa = PBXBuildFile; fileRef = 7F9052B428EB76D20044F76C /* GFTextField.swift */; };
		7F94C9B12947BFC800D44363 /* CircleDetailsVC.swift in Sources */ = {isa = PBXBuildFile; fileRef = 7F94C9B02947BFC800D44363 /* CircleDetailsVC.swift */; };
		7FA0009529D5207000D26E4C /* GFAlert.swift in Sources */ = {isa = PBXBuildFile; fileRef = 7FA0009429D5207000D26E4C /* GFAlert.swift */; };
		7FAAFF7928F4CD83008A9FF2 /* GFTabBarController.swift in Sources */ = {isa = PBXBuildFile; fileRef = 7FAAFF7828F4CD83008A9FF2 /* GFTabBarController.swift */; };
		7FAAFF7D28F4CE5A008A9FF2 /* HomeVC.swift in Sources */ = {isa = PBXBuildFile; fileRef = 7FAAFF7C28F4CE5A008A9FF2 /* HomeVC.swift */; };
		7FAAFF7F28F4CE7A008A9FF2 /* CirclesVC.swift in Sources */ = {isa = PBXBuildFile; fileRef = 7FAAFF7E28F4CE7A008A9FF2 /* CirclesVC.swift */; };
		7FAAFF8128F4CE8F008A9FF2 /* EventsVC.swift in Sources */ = {isa = PBXBuildFile; fileRef = 7FAAFF8028F4CE8F008A9FF2 /* EventsVC.swift */; };
		7FAAFF8328F4CEA7008A9FF2 /* CATianVC.swift in Sources */ = {isa = PBXBuildFile; fileRef = 7FAAFF8228F4CEA7008A9FF2 /* CATianVC.swift */; };
		7FAAFF8528F4DCD9008A9FF2 /* GFCirclerImage.swift in Sources */ = {isa = PBXBuildFile; fileRef = 7FAAFF8428F4DCD9008A9FF2 /* GFCirclerImage.swift */; };
		7FAAFF8A28F4E117008A9FF2 /* GFCardView.swift in Sources */ = {isa = PBXBuildFile; fileRef = 7FAAFF8928F4E117008A9FF2 /* GFCardView.swift */; };
		7FAAFF8C28F5B5C0008A9FF2 /* Home+CollectionView.swift in Sources */ = {isa = PBXBuildFile; fileRef = 7FAAFF8B28F5B5C0008A9FF2 /* Home+CollectionView.swift */; };
		7FAAFF8E28F5ED1B008A9FF2 /* MemoriesCell.swift in Sources */ = {isa = PBXBuildFile; fileRef = 7FAAFF8D28F5ED1A008A9FF2 /* MemoriesCell.swift */; };
		7FAAFF9328F82A05008A9FF2 /* PodCATCell.swift in Sources */ = {isa = PBXBuildFile; fileRef = 7FAAFF9228F82A05008A9FF2 /* PodCATCell.swift */; };
		7FB4F36F28EB50F3008557ED /* AppDelegate.swift in Sources */ = {isa = PBXBuildFile; fileRef = 7FB4F36E28EB50F3008557ED /* AppDelegate.swift */; };
		7FB4F37128EB50F3008557ED /* SceneDelegate.swift in Sources */ = {isa = PBXBuildFile; fileRef = 7FB4F37028EB50F3008557ED /* SceneDelegate.swift */; };
		7FB4F37828EB50F4008557ED /* Assets.xcassets in Resources */ = {isa = PBXBuildFile; fileRef = 7FB4F37728EB50F4008557ED /* Assets.xcassets */; };
		7FB4F37B28EB50F4008557ED /* LaunchScreen.storyboard in Resources */ = {isa = PBXBuildFile; fileRef = 7FB4F37928EB50F4008557ED /* LaunchScreen.storyboard */; };
		7FB4F38328EB510C008557ED /* GFNavigationController.swift in Sources */ = {isa = PBXBuildFile; fileRef = 7FB4F38228EB510C008557ED /* GFNavigationController.swift */; };
		7FB4F38728EB5458008557ED /* GFButton.swift in Sources */ = {isa = PBXBuildFile; fileRef = 7FB4F38628EB5458008557ED /* GFButton.swift */; };
		7FB4F39728EB567E008557ED /* Constant.swift in Sources */ = {isa = PBXBuildFile; fileRef = 7FB4F39628EB567E008557ED /* Constant.swift */; };
		7FB4F39928EB56B0008557ED /* ErrorMessages.swift in Sources */ = {isa = PBXBuildFile; fileRef = 7FB4F39828EB56B0008557ED /* ErrorMessages.swift */; };
		7FBE49E1299BE045004105B0 /* EventsPresenter.swift in Sources */ = {isa = PBXBuildFile; fileRef = 7FBE49E0299BE045004105B0 /* EventsPresenter.swift */; };
		7FCBE2062A16797300AEF59E /* Kingfisher in Frameworks */ = {isa = PBXBuildFile; productRef = 7FCBE2052A16797300AEF59E /* Kingfisher */; };
		7FD4404E29D38EAB00FA1222 /* ProfileVC+Constraints.swift in Sources */ = {isa = PBXBuildFile; fileRef = 7FD4404D29D38EAB00FA1222 /* ProfileVC+Constraints.swift */; };
		7FD4405029D38EBA00FA1222 /* ProfileVC+Protocol.swift in Sources */ = {isa = PBXBuildFile; fileRef = 7FD4404F29D38EBA00FA1222 /* ProfileVC+Protocol.swift */; };
		7FD4405229D3B0CA00FA1222 /* ProfilePresenter.swift in Sources */ = {isa = PBXBuildFile; fileRef = 7FD4405129D3B0CA00FA1222 /* ProfilePresenter.swift */; };
		7FD4405429D4735300FA1222 /* View.swift in Sources */ = {isa = PBXBuildFile; fileRef = 7FD4405329D4735300FA1222 /* View.swift */; };
		7FD4405629D4C6CA00FA1222 /* CATianPresenter.swift in Sources */ = {isa = PBXBuildFile; fileRef = 7FD4405529D4C6CA00FA1222 /* CATianPresenter.swift */; };
		7FD4405829D4CBAB00FA1222 /* CATianVC+Protocols.swift in Sources */ = {isa = PBXBuildFile; fileRef = 7FD4405729D4CBAB00FA1222 /* CATianVC+Protocols.swift */; };
		7FD44FAB29C9AB770080AF42 /* GFActiveIndicator.swift in Sources */ = {isa = PBXBuildFile; fileRef = 7FD44FAA29C9AB770080AF42 /* GFActiveIndicator.swift */; };
		7FD44FAD29C9ABC20080AF42 /* GFLoaderButton.swift in Sources */ = {isa = PBXBuildFile; fileRef = 7FD44FAC29C9ABC20080AF42 /* GFLoaderButton.swift */; };
		7FDE9B1E29203C1100949945 /* GFErrorLabel.swift in Sources */ = {isa = PBXBuildFile; fileRef = 7FDE9B1D29203C1100949945 /* GFErrorLabel.swift */; };
		7FE1D0F129F1DC5400999B6F /* URL.swift in Sources */ = {isa = PBXBuildFile; fileRef = 7FE1D0F029F1DC5400999B6F /* URL.swift */; };
		7FE1D11329F5BCD100999B6F /* SettingPresenter.swift in Sources */ = {isa = PBXBuildFile; fileRef = 7FE1D11229F5BCD100999B6F /* SettingPresenter.swift */; };
		7FE959592948C860001B2554 /* GFTextView.swift in Sources */ = {isa = PBXBuildFile; fileRef = 7FE959582948C860001B2554 /* GFTextView.swift */; };
		7FE9595B2948D09A001B2554 /* BoardCell.swift in Sources */ = {isa = PBXBuildFile; fileRef = 7FE9595A2948D09A001B2554 /* BoardCell.swift */; };
		7FE9595F29492366001B2554 /* CircleDetailsHeaderCell.swift in Sources */ = {isa = PBXBuildFile; fileRef = 7FE9595E29492366001B2554 /* CircleDetailsHeaderCell.swift */; };
		7FE9596429492E53001B2554 /* CircleDetails+Protocol.swift in Sources */ = {isa = PBXBuildFile; fileRef = 7FE9596329492E53001B2554 /* CircleDetails+Protocol.swift */; };
		7FE9596629492E74001B2554 /* CircleDetailsModel.swift in Sources */ = {isa = PBXBuildFile; fileRef = 7FE9596529492E74001B2554 /* CircleDetailsModel.swift */; };
		7FF92EB528F075D7001EA736 /* RegisterPresenter.swift in Sources */ = {isa = PBXBuildFile; fileRef = 7FF92EB428F075D7001EA736 /* RegisterPresenter.swift */; };
		7FF92EB828F07624001EA736 /* RegisterVC.swift in Sources */ = {isa = PBXBuildFile; fileRef = 7FF92EB728F07624001EA736 /* RegisterVC.swift */; };
		7FF92EBA28F07688001EA736 /* RegisterActiveConstraint.swift in Sources */ = {isa = PBXBuildFile; fileRef = 7FF92EB928F07688001EA736 /* RegisterActiveConstraint.swift */; };
		7FF92EBC28F0774B001EA736 /* Register+Protocol.swift in Sources */ = {isa = PBXBuildFile; fileRef = 7FF92EBB28F0774B001EA736 /* Register+Protocol.swift */; };
		7FF92EBE28F08A94001EA736 /* GFPickerTextField.swift in Sources */ = {isa = PBXBuildFile; fileRef = 7FF92EBD28F08A94001EA736 /* GFPickerTextField.swift */; };
		EACD70F42946386600940592 /* ProfileHeader.swift in Sources */ = {isa = PBXBuildFile; fileRef = EACD70F32946386600940592 /* ProfileHeader.swift */; };
		EACD70F62946393300940592 /* ProfileFooter.swift in Sources */ = {isa = PBXBuildFile; fileRef = EACD70F52946393300940592 /* ProfileFooter.swift */; };
		EACD70F829463A2B00940592 /* ProfileCell.swift in Sources */ = {isa = PBXBuildFile; fileRef = EACD70F729463A2B00940592 /* ProfileCell.swift */; };
		EACD70FA29463E6500940592 /* CATianVC+TableView.swift in Sources */ = {isa = PBXBuildFile; fileRef = EACD70F929463E6500940592 /* CATianVC+TableView.swift */; };
/* End PBXBuildFile section */

/* Begin PBXFileReference section */
		7F078F0D2923F40200895441 /* CircleModel.swift */ = {isa = PBXFileReference; lastKnownFileType = sourcecode.swift; path = CircleModel.swift; sourceTree = "<group>"; };
		7F078F0F2923F45A00895441 /* CirclesVC+CollectionVIew.swift */ = {isa = PBXFileReference; lastKnownFileType = sourcecode.swift; path = "CirclesVC+CollectionVIew.swift"; sourceTree = "<group>"; };
		7F078F112923F49E00895441 /* CirclesVC+Protocol.swift */ = {isa = PBXFileReference; lastKnownFileType = sourcecode.swift; path = "CirclesVC+Protocol.swift"; sourceTree = "<group>"; };
		7F078F152923F50700895441 /* CircleCell.swift */ = {isa = PBXFileReference; lastKnownFileType = sourcecode.swift; path = CircleCell.swift; sourceTree = "<group>"; };
		7F078F172923F52B00895441 /* CircleHeader.swift */ = {isa = PBXFileReference; lastKnownFileType = sourcecode.swift; path = CircleHeader.swift; sourceTree = "<group>"; };
		7F078F1A2923F56B00895441 /* CustomSegmentedControl.swift */ = {isa = PBXFileReference; lastKnownFileType = sourcecode.swift; path = CustomSegmentedControl.swift; sourceTree = "<group>"; };
		7F08218E29200B55008AB3BD /* GoogleService-Info.plist */ = {isa = PBXFileReference; fileEncoding = 4; lastKnownFileType = text.plist.xml; path = "GoogleService-Info.plist"; sourceTree = "<group>"; };
		7F11EC4D29F708F000029D3A /* SettingsViewHeader.swift */ = {isa = PBXFileReference; lastKnownFileType = sourcecode.swift; path = SettingsViewHeader.swift; sourceTree = "<group>"; };
		7F157B4029EDF61E00D5BB98 /* PrivacyPolicyVC.swift */ = {isa = PBXFileReference; lastKnownFileType = sourcecode.swift; path = PrivacyPolicyVC.swift; sourceTree = "<group>"; };
		7F30C23428EC44350007AACF /* ViewController.swift */ = {isa = PBXFileReference; lastKnownFileType = sourcecode.swift; path = ViewController.swift; sourceTree = "<group>"; };
		7F30C23A28ECDCF00007AACF /* Onboarding.swift */ = {isa = PBXFileReference; lastKnownFileType = sourcecode.swift; path = Onboarding.swift; sourceTree = "<group>"; };
		7F30C23E28ECDDF50007AACF /* GFSimpleButton.swift */ = {isa = PBXFileReference; lastKnownFileType = sourcecode.swift; path = GFSimpleButton.swift; sourceTree = "<group>"; };
		7F30C24028ECE2710007AACF /* HelperUI.swift */ = {isa = PBXFileReference; lastKnownFileType = sourcecode.swift; path = HelperUI.swift; sourceTree = "<group>"; };
		7F30C24628ECE79F0007AACF /* GFImageView.swift */ = {isa = PBXFileReference; lastKnownFileType = sourcecode.swift; path = GFImageView.swift; sourceTree = "<group>"; };
		7F30C25028ED8E180007AACF /* BoardingVC.swift */ = {isa = PBXFileReference; lastKnownFileType = sourcecode.swift; path = BoardingVC.swift; sourceTree = "<group>"; };
		7F30C27428EDBDB00007AACF /* BoardingCell.swift */ = {isa = PBXFileReference; lastKnownFileType = sourcecode.swift; path = BoardingCell.swift; sourceTree = "<group>"; };
		7F30C27728EDC5620007AACF /* GFPageControl.swift */ = {isa = PBXFileReference; lastKnownFileType = sourcecode.swift; path = GFPageControl.swift; sourceTree = "<group>"; };
		7F30C27928EDC6AE0007AACF /* BoardingVC+Extention.swift */ = {isa = PBXFileReference; lastKnownFileType = sourcecode.swift; path = "BoardingVC+Extention.swift"; sourceTree = "<group>"; };
		7F30C27C28EE07FA0007AACF /* LoginVC.swift */ = {isa = PBXFileReference; lastKnownFileType = sourcecode.swift; path = LoginVC.swift; sourceTree = "<group>"; };
		7F30C28228EE09290007AACF /* Login+Protocol.swift */ = {isa = PBXFileReference; lastKnownFileType = sourcecode.swift; path = "Login+Protocol.swift"; sourceTree = "<group>"; };
		7F30C28628EE094F0007AACF /* LoginPresenter.swift */ = {isa = PBXFileReference; lastKnownFileType = sourcecode.swift; path = LoginPresenter.swift; sourceTree = "<group>"; };
		7F30C2A828EE22BE0007AACF /* TextField.swift */ = {isa = PBXFileReference; lastKnownFileType = sourcecode.swift; path = TextField.swift; sourceTree = "<group>"; };
		7F30C2B028EF4AD40007AACF /* LoginActiveConstraint.swift */ = {isa = PBXFileReference; lastKnownFileType = sourcecode.swift; path = LoginActiveConstraint.swift; sourceTree = "<group>"; };
		7F30C2B228EF62900007AACF /* GFMediaButton.swift */ = {isa = PBXFileReference; lastKnownFileType = sourcecode.swift; path = GFMediaButton.swift; sourceTree = "<group>"; };
		7F3AD4A82937902400AF0AB1 /* UserDefults.swift */ = {isa = PBXFileReference; lastKnownFileType = sourcecode.swift; path = UserDefults.swift; sourceTree = "<group>"; };
		7F3AD4AC2937927300AF0AB1 /* Encodable.swift */ = {isa = PBXFileReference; lastKnownFileType = sourcecode.swift; path = Encodable.swift; sourceTree = "<group>"; };
		7F3E930129F727AC00E83494 /* CardVC.swift */ = {isa = PBXFileReference; lastKnownFileType = sourcecode.swift; path = CardVC.swift; sourceTree = "<group>"; };
		7F549EA22992EBA500E85093 /* GFEmptyStateView.swift */ = {isa = PBXFileReference; lastKnownFileType = sourcecode.swift; path = GFEmptyStateView.swift; sourceTree = "<group>"; };
		7F55642828F1FD10009342A6 /* GFAlertVC.swift */ = {isa = PBXFileReference; lastKnownFileType = sourcecode.swift; path = GFAlertVC.swift; sourceTree = "<group>"; };
		7F55642A28F1FD71009342A6 /* GFAlertContainerView.swift */ = {isa = PBXFileReference; lastKnownFileType = sourcecode.swift; path = GFAlertContainerView.swift; sourceTree = "<group>"; };
		7F617888290D88A600AA101B /* Cat-Reloaded.entitlements */ = {isa = PBXFileReference; lastKnownFileType = text.plist.entitlements; path = "Cat-Reloaded.entitlements"; sourceTree = "<group>"; };
		7F617889290DBAE700AA101B /* NetworkManger.swift */ = {isa = PBXFileReference; lastKnownFileType = sourcecode.swift; path = NetworkManger.swift; sourceTree = "<group>"; };
		7F61788B290DC4CF00AA101B /* ParsingJson.swift */ = {isa = PBXFileReference; lastKnownFileType = sourcecode.swift; path = ParsingJson.swift; sourceTree = "<group>"; };
		7F61788D290DCA8D00AA101B /* URLs.swift */ = {isa = PBXFileReference; lastKnownFileType = sourcecode.swift; path = URLs.swift; sourceTree = "<group>"; };
		7F61788F290DD00A00AA101B /* LoginModel.swift */ = {isa = PBXFileReference; lastKnownFileType = sourcecode.swift; path = LoginModel.swift; sourceTree = "<group>"; };
		7F617891290DD1F700AA101B /* SginUpModel.swift */ = {isa = PBXFileReference; lastKnownFileType = sourcecode.swift; path = SginUpModel.swift; sourceTree = "<group>"; };
		7F62DD8E28FDFB3400FEC944 /* HeaderView.swift */ = {isa = PBXFileReference; lastKnownFileType = sourcecode.swift; path = HeaderView.swift; sourceTree = "<group>"; };
		7F62DD96290018B100FEC944 /* HeaderCell.swift */ = {isa = PBXFileReference; lastKnownFileType = sourcecode.swift; path = HeaderCell.swift; sourceTree = "<group>"; };
		7F73C9F82960C24000579170 /* HomeModel.swift */ = {isa = PBXFileReference; lastKnownFileType = sourcecode.swift; path = HomeModel.swift; sourceTree = "<group>"; };
		7F73C9FA2960C26200579170 /* AboutCatModel.swift */ = {isa = PBXFileReference; lastKnownFileType = sourcecode.swift; path = AboutCatModel.swift; sourceTree = "<group>"; };
		7F73C9FC2960C2D200579170 /* Home+Protocol.swift */ = {isa = PBXFileReference; lastKnownFileType = sourcecode.swift; path = "Home+Protocol.swift"; sourceTree = "<group>"; };
		7F73C9FE2960C36C00579170 /* AboutCatHeaderCell.swift */ = {isa = PBXFileReference; lastKnownFileType = sourcecode.swift; path = AboutCatHeaderCell.swift; sourceTree = "<group>"; };
		7F73CA012960C3CB00579170 /* AboutCatVC.swift */ = {isa = PBXFileReference; lastKnownFileType = sourcecode.swift; path = AboutCatVC.swift; sourceTree = "<group>"; };
		7F73CA032960C3F600579170 /* AboutCatVC+CollectionView.swift */ = {isa = PBXFileReference; lastKnownFileType = sourcecode.swift; path = "AboutCatVC+CollectionView.swift"; sourceTree = "<group>"; };
		7F73CA052960C41C00579170 /* AboutCat+Protocol.swift */ = {isa = PBXFileReference; lastKnownFileType = sourcecode.swift; path = "AboutCat+Protocol.swift"; sourceTree = "<group>"; };
		7F73CA082960C47E00579170 /* HomePresenter.swift */ = {isa = PBXFileReference; lastKnownFileType = sourcecode.swift; path = HomePresenter.swift; sourceTree = "<group>"; };
		7F73CA0A2960C49900579170 /* AboutCatPresenter.swift */ = {isa = PBXFileReference; lastKnownFileType = sourcecode.swift; path = AboutCatPresenter.swift; sourceTree = "<group>"; };
		7F73CA0C2960C4F500579170 /* CirclesPresenter.swift */ = {isa = PBXFileReference; lastKnownFileType = sourcecode.swift; path = CirclesPresenter.swift; sourceTree = "<group>"; };
		7F73CA0E2960C6AD00579170 /* CircleDetails+CollectionVIew.swift */ = {isa = PBXFileReference; lastKnownFileType = sourcecode.swift; path = "CircleDetails+CollectionVIew.swift"; sourceTree = "<group>"; };
		7F73CA102960C92000579170 /* Full_imageVC.swift */ = {isa = PBXFileReference; lastKnownFileType = sourcecode.swift; path = Full_imageVC.swift; sourceTree = "<group>"; };
		7F73CA122960CFC800579170 /* CircleDetailsPresenter.swift */ = {isa = PBXFileReference; lastKnownFileType = sourcecode.swift; path = CircleDetailsPresenter.swift; sourceTree = "<group>"; };
		7F88724D298D45B50047A61D /* Event+CollectionView.swift */ = {isa = PBXFileReference; lastKnownFileType = sourcecode.swift; path = "Event+CollectionView.swift"; sourceTree = "<group>"; };
		7F887250298D46E00047A61D /* EventCell.swift */ = {isa = PBXFileReference; lastKnownFileType = sourcecode.swift; path = EventCell.swift; sourceTree = "<group>"; };
		7F887252298E76FF0047A61D /* SegmentView.swift */ = {isa = PBXFileReference; lastKnownFileType = sourcecode.swift; path = SegmentView.swift; sourceTree = "<group>"; };
		7F887255298E78970047A61D /* EventsHeader.swift */ = {isa = PBXFileReference; lastKnownFileType = sourcecode.swift; path = EventsHeader.swift; sourceTree = "<group>"; };
		7F887257298E79E90047A61D /* Events+Protocol.swift */ = {isa = PBXFileReference; lastKnownFileType = sourcecode.swift; path = "Events+Protocol.swift"; sourceTree = "<group>"; };
		7F88725A298E7D330047A61D /* EventsModel.swift */ = {isa = PBXFileReference; lastKnownFileType = sourcecode.swift; path = EventsModel.swift; sourceTree = "<group>"; };
		7F88725C2990207F0047A61D /* String.swift */ = {isa = PBXFileReference; lastKnownFileType = sourcecode.swift; path = String.swift; sourceTree = "<group>"; };
		7F88725F299025AC0047A61D /* ImageContainerCell.swift */ = {isa = PBXFileReference; lastKnownFileType = sourcecode.swift; path = ImageContainerCell.swift; sourceTree = "<group>"; };
		7F8872632991584D0047A61D /* EventDetailsVC.swift */ = {isa = PBXFileReference; lastKnownFileType = sourcecode.swift; path = EventDetailsVC.swift; sourceTree = "<group>"; };
		7F88726529915A990047A61D /* Events+CollectionView.swift */ = {isa = PBXFileReference; lastKnownFileType = sourcecode.swift; path = "Events+CollectionView.swift"; sourceTree = "<group>"; };
		7F88726729915E350047A61D /* EventDetailsHeaderCell.swift */ = {isa = PBXFileReference; lastKnownFileType = sourcecode.swift; path = EventDetailsHeaderCell.swift; sourceTree = "<group>"; };
		7F89969F2997B91A0090C4B2 /* ProfileVC.swift */ = {isa = PBXFileReference; lastKnownFileType = sourcecode.swift; path = ProfileVC.swift; sourceTree = "<group>"; };
		7F8996A22997B9A70090C4B2 /* SettingsVC.swift */ = {isa = PBXFileReference; lastKnownFileType = sourcecode.swift; path = SettingsVC.swift; sourceTree = "<group>"; };
		7F8996A42997D1D70090C4B2 /* DarkTheme.swift */ = {isa = PBXFileReference; lastKnownFileType = sourcecode.swift; path = DarkTheme.swift; sourceTree = "<group>"; };
		7F8996A62997DB110090C4B2 /* Settings+TableView.swift */ = {isa = PBXFileReference; lastKnownFileType = sourcecode.swift; path = "Settings+TableView.swift"; sourceTree = "<group>"; };
		7F8996AB2997F1360090C4B2 /* GFSimpleCell.swift */ = {isa = PBXFileReference; lastKnownFileType = sourcecode.swift; path = GFSimpleCell.swift; sourceTree = "<group>"; };
		7F8996AD2998487D0090C4B2 /* SettingsModel.swift */ = {isa = PBXFileReference; lastKnownFileType = sourcecode.swift; path = SettingsModel.swift; sourceTree = "<group>"; };
		7F8F22CB2A17C705003DE448 /* NetwokServices.swift */ = {isa = PBXFileReference; lastKnownFileType = sourcecode.swift; path = NetwokServices.swift; sourceTree = "<group>"; };
		7F8F22CD2A17CB2D003DE448 /* NetwokComponents.swift */ = {isa = PBXFileReference; lastKnownFileType = sourcecode.swift; path = NetwokComponents.swift; sourceTree = "<group>"; };
		7F8F22D02A184808003DE448 /* AuthServices.swift */ = {isa = PBXFileReference; lastKnownFileType = sourcecode.swift; path = AuthServices.swift; sourceTree = "<group>"; };
		7F8F22D32A1946D6003DE448 /* LoginServices.swift */ = {isa = PBXFileReference; lastKnownFileType = sourcecode.swift; path = LoginServices.swift; sourceTree = "<group>"; };
		7F8F22D52A19564A003DE448 /* RegisterServices.swift */ = {isa = PBXFileReference; lastKnownFileType = sourcecode.swift; path = RegisterServices.swift; sourceTree = "<group>"; };
		7F9052B028EB731A0044F76C /* GFTitleLabel.swift */ = {isa = PBXFileReference; lastKnownFileType = sourcecode.swift; path = GFTitleLabel.swift; sourceTree = "<group>"; };
		7F9052B228EB748C0044F76C /* GFBodyLabel.swift */ = {isa = PBXFileReference; lastKnownFileType = sourcecode.swift; path = GFBodyLabel.swift; sourceTree = "<group>"; };
		7F9052B428EB76D20044F76C /* GFTextField.swift */ = {isa = PBXFileReference; lastKnownFileType = sourcecode.swift; path = GFTextField.swift; sourceTree = "<group>"; };
		7F94C9B02947BFC800D44363 /* CircleDetailsVC.swift */ = {isa = PBXFileReference; lastKnownFileType = sourcecode.swift; path = CircleDetailsVC.swift; sourceTree = "<group>"; };
		7FA0009429D5207000D26E4C /* GFAlert.swift */ = {isa = PBXFileReference; lastKnownFileType = sourcecode.swift; path = GFAlert.swift; sourceTree = "<group>"; };
		7FAAFF7828F4CD83008A9FF2 /* GFTabBarController.swift */ = {isa = PBXFileReference; lastKnownFileType = sourcecode.swift; path = GFTabBarController.swift; sourceTree = "<group>"; };
		7FAAFF7C28F4CE5A008A9FF2 /* HomeVC.swift */ = {isa = PBXFileReference; lastKnownFileType = sourcecode.swift; path = HomeVC.swift; sourceTree = "<group>"; };
		7FAAFF7E28F4CE7A008A9FF2 /* CirclesVC.swift */ = {isa = PBXFileReference; lastKnownFileType = sourcecode.swift; path = CirclesVC.swift; sourceTree = "<group>"; };
		7FAAFF8028F4CE8F008A9FF2 /* EventsVC.swift */ = {isa = PBXFileReference; lastKnownFileType = sourcecode.swift; path = EventsVC.swift; sourceTree = "<group>"; };
		7FAAFF8228F4CEA7008A9FF2 /* CATianVC.swift */ = {isa = PBXFileReference; lastKnownFileType = sourcecode.swift; path = CATianVC.swift; sourceTree = "<group>"; };
		7FAAFF8428F4DCD9008A9FF2 /* GFCirclerImage.swift */ = {isa = PBXFileReference; lastKnownFileType = sourcecode.swift; path = GFCirclerImage.swift; sourceTree = "<group>"; };
		7FAAFF8928F4E117008A9FF2 /* GFCardView.swift */ = {isa = PBXFileReference; lastKnownFileType = sourcecode.swift; path = GFCardView.swift; sourceTree = "<group>"; };
		7FAAFF8B28F5B5C0008A9FF2 /* Home+CollectionView.swift */ = {isa = PBXFileReference; lastKnownFileType = sourcecode.swift; path = "Home+CollectionView.swift"; sourceTree = "<group>"; };
		7FAAFF8D28F5ED1A008A9FF2 /* MemoriesCell.swift */ = {isa = PBXFileReference; lastKnownFileType = sourcecode.swift; path = MemoriesCell.swift; sourceTree = "<group>"; };
		7FAAFF9228F82A05008A9FF2 /* PodCATCell.swift */ = {isa = PBXFileReference; lastKnownFileType = sourcecode.swift; path = PodCATCell.swift; sourceTree = "<group>"; };
		7FB4F36B28EB50F3008557ED /* Cat-Reloaded.app */ = {isa = PBXFileReference; explicitFileType = wrapper.application; includeInIndex = 0; path = "Cat-Reloaded.app"; sourceTree = BUILT_PRODUCTS_DIR; };
		7FB4F36E28EB50F3008557ED /* AppDelegate.swift */ = {isa = PBXFileReference; lastKnownFileType = sourcecode.swift; path = AppDelegate.swift; sourceTree = "<group>"; };
		7FB4F37028EB50F3008557ED /* SceneDelegate.swift */ = {isa = PBXFileReference; lastKnownFileType = sourcecode.swift; path = SceneDelegate.swift; sourceTree = "<group>"; };
		7FB4F37728EB50F4008557ED /* Assets.xcassets */ = {isa = PBXFileReference; lastKnownFileType = folder.assetcatalog; path = Assets.xcassets; sourceTree = "<group>"; };
		7FB4F37A28EB50F4008557ED /* Base */ = {isa = PBXFileReference; lastKnownFileType = file.storyboard; name = Base; path = Base.lproj/LaunchScreen.storyboard; sourceTree = "<group>"; };
		7FB4F37C28EB50F4008557ED /* Info.plist */ = {isa = PBXFileReference; lastKnownFileType = text.plist.xml; path = Info.plist; sourceTree = "<group>"; };
		7FB4F38228EB510C008557ED /* GFNavigationController.swift */ = {isa = PBXFileReference; lastKnownFileType = sourcecode.swift; path = GFNavigationController.swift; sourceTree = "<group>"; };
		7FB4F38628EB5458008557ED /* GFButton.swift */ = {isa = PBXFileReference; lastKnownFileType = sourcecode.swift; path = GFButton.swift; sourceTree = "<group>"; };
		7FB4F39628EB567E008557ED /* Constant.swift */ = {isa = PBXFileReference; lastKnownFileType = sourcecode.swift; path = Constant.swift; sourceTree = "<group>"; };
		7FB4F39828EB56B0008557ED /* ErrorMessages.swift */ = {isa = PBXFileReference; lastKnownFileType = sourcecode.swift; path = ErrorMessages.swift; sourceTree = "<group>"; };
		7FBE49E0299BE045004105B0 /* EventsPresenter.swift */ = {isa = PBXFileReference; lastKnownFileType = sourcecode.swift; path = EventsPresenter.swift; sourceTree = "<group>"; };
		7FD4404D29D38EAB00FA1222 /* ProfileVC+Constraints.swift */ = {isa = PBXFileReference; lastKnownFileType = sourcecode.swift; path = "ProfileVC+Constraints.swift"; sourceTree = "<group>"; };
		7FD4404F29D38EBA00FA1222 /* ProfileVC+Protocol.swift */ = {isa = PBXFileReference; lastKnownFileType = sourcecode.swift; path = "ProfileVC+Protocol.swift"; sourceTree = "<group>"; };
		7FD4405129D3B0CA00FA1222 /* ProfilePresenter.swift */ = {isa = PBXFileReference; lastKnownFileType = sourcecode.swift; path = ProfilePresenter.swift; sourceTree = "<group>"; };
		7FD4405329D4735300FA1222 /* View.swift */ = {isa = PBXFileReference; lastKnownFileType = sourcecode.swift; path = View.swift; sourceTree = "<group>"; };
		7FD4405529D4C6CA00FA1222 /* CATianPresenter.swift */ = {isa = PBXFileReference; lastKnownFileType = sourcecode.swift; path = CATianPresenter.swift; sourceTree = "<group>"; };
		7FD4405729D4CBAB00FA1222 /* CATianVC+Protocols.swift */ = {isa = PBXFileReference; lastKnownFileType = sourcecode.swift; path = "CATianVC+Protocols.swift"; sourceTree = "<group>"; };
		7FD44FAA29C9AB770080AF42 /* GFActiveIndicator.swift */ = {isa = PBXFileReference; lastKnownFileType = sourcecode.swift; path = GFActiveIndicator.swift; sourceTree = "<group>"; };
		7FD44FAC29C9ABC20080AF42 /* GFLoaderButton.swift */ = {isa = PBXFileReference; lastKnownFileType = sourcecode.swift; path = GFLoaderButton.swift; sourceTree = "<group>"; };
		7FDE9B1D29203C1100949945 /* GFErrorLabel.swift */ = {isa = PBXFileReference; lastKnownFileType = sourcecode.swift; path = GFErrorLabel.swift; sourceTree = "<group>"; };
		7FE1D0F029F1DC5400999B6F /* URL.swift */ = {isa = PBXFileReference; lastKnownFileType = sourcecode.swift; path = URL.swift; sourceTree = "<group>"; };
		7FE1D11229F5BCD100999B6F /* SettingPresenter.swift */ = {isa = PBXFileReference; lastKnownFileType = sourcecode.swift; path = SettingPresenter.swift; sourceTree = "<group>"; };
		7FE959582948C860001B2554 /* GFTextView.swift */ = {isa = PBXFileReference; lastKnownFileType = sourcecode.swift; path = GFTextView.swift; sourceTree = "<group>"; };
		7FE9595A2948D09A001B2554 /* BoardCell.swift */ = {isa = PBXFileReference; lastKnownFileType = sourcecode.swift; path = BoardCell.swift; sourceTree = "<group>"; };
		7FE9595E29492366001B2554 /* CircleDetailsHeaderCell.swift */ = {isa = PBXFileReference; lastKnownFileType = sourcecode.swift; path = CircleDetailsHeaderCell.swift; sourceTree = "<group>"; };
		7FE9596329492E53001B2554 /* CircleDetails+Protocol.swift */ = {isa = PBXFileReference; lastKnownFileType = sourcecode.swift; path = "CircleDetails+Protocol.swift"; sourceTree = "<group>"; };
		7FE9596529492E74001B2554 /* CircleDetailsModel.swift */ = {isa = PBXFileReference; lastKnownFileType = sourcecode.swift; path = CircleDetailsModel.swift; sourceTree = "<group>"; };
		7FF92EB428F075D7001EA736 /* RegisterPresenter.swift */ = {isa = PBXFileReference; lastKnownFileType = sourcecode.swift; path = RegisterPresenter.swift; sourceTree = "<group>"; };
		7FF92EB728F07624001EA736 /* RegisterVC.swift */ = {isa = PBXFileReference; lastKnownFileType = sourcecode.swift; path = RegisterVC.swift; sourceTree = "<group>"; };
		7FF92EB928F07688001EA736 /* RegisterActiveConstraint.swift */ = {isa = PBXFileReference; lastKnownFileType = sourcecode.swift; path = RegisterActiveConstraint.swift; sourceTree = "<group>"; };
		7FF92EBB28F0774B001EA736 /* Register+Protocol.swift */ = {isa = PBXFileReference; lastKnownFileType = sourcecode.swift; path = "Register+Protocol.swift"; sourceTree = "<group>"; };
		7FF92EBD28F08A94001EA736 /* GFPickerTextField.swift */ = {isa = PBXFileReference; lastKnownFileType = sourcecode.swift; path = GFPickerTextField.swift; sourceTree = "<group>"; };
		EACD70F32946386600940592 /* ProfileHeader.swift */ = {isa = PBXFileReference; lastKnownFileType = sourcecode.swift; path = ProfileHeader.swift; sourceTree = "<group>"; };
		EACD70F52946393300940592 /* ProfileFooter.swift */ = {isa = PBXFileReference; lastKnownFileType = sourcecode.swift; path = ProfileFooter.swift; sourceTree = "<group>"; };
		EACD70F729463A2B00940592 /* ProfileCell.swift */ = {isa = PBXFileReference; lastKnownFileType = sourcecode.swift; path = ProfileCell.swift; sourceTree = "<group>"; };
		EACD70F929463E6500940592 /* CATianVC+TableView.swift */ = {isa = PBXFileReference; lastKnownFileType = sourcecode.swift; path = "CATianVC+TableView.swift"; sourceTree = "<group>"; };
/* End PBXFileReference section */

/* Begin PBXFrameworksBuildPhase section */
		7FB4F36828EB50F3008557ED /* Frameworks */ = {
			isa = PBXFrameworksBuildPhase;
			buildActionMask = 2147483647;
			files = (
				7FCBE2062A16797300AEF59E /* Kingfisher in Frameworks */,
				7F51E5F929E845CC00E5709A /* Alamofire in Frameworks */,
				7F51E5FC29E84B4400E5709A /* FacebookLogin in Frameworks */,
				7F51E60D29E8E25A00E5709A /* GoogleSignIn in Frameworks */,
			);
			runOnlyForDeploymentPostprocessing = 0;
		};
/* End PBXFrameworksBuildPhase section */

/* Begin PBXGroup section */
		7F078F082923EF7100895441 /* Model */ = {
			isa = PBXGroup;
			children = (
				7F078F0D2923F40200895441 /* CircleModel.swift */,
				7FE9596529492E74001B2554 /* CircleDetailsModel.swift */,
				7F73C9F82960C24000579170 /* HomeModel.swift */,
				7F73C9FA2960C26200579170 /* AboutCatModel.swift */,
			);
			path = Model;
			sourceTree = "<group>";
		};
		7F078F132923F4CD00895441 /* Cells */ = {
			isa = PBXGroup;
			children = (
				7F078F152923F50700895441 /* CircleCell.swift */,
				7FE9595A2948D09A001B2554 /* BoardCell.swift */,
				7FE9595E29492366001B2554 /* CircleDetailsHeaderCell.swift */,
			);
			path = Cells;
			sourceTree = "<group>";
		};
		7F078F142923F4CF00895441 /* Header */ = {
			isa = PBXGroup;
			children = (
				7F078F172923F52B00895441 /* CircleHeader.swift */,
			);
			path = Header;
			sourceTree = "<group>";
		};
		7F078F192923F55500895441 /* GFSegmentVIew */ = {
			isa = PBXGroup;
			children = (
				7F078F1A2923F56B00895441 /* CustomSegmentedControl.swift */,
			);
			path = GFSegmentVIew;
			sourceTree = "<group>";
		};
		7F157B3F29EDF5F000D5BB98 /* Privacy Policy */ = {
			isa = PBXGroup;
			children = (
				7F157B4029EDF61E00D5BB98 /* PrivacyPolicyVC.swift */,
			);
			path = "Privacy Policy";
			sourceTree = "<group>";
		};
		7F30C23928ECDCD00007AACF /* BoardingVC */ = {
			isa = PBXGroup;
			children = (
				7F30C25028ED8E180007AACF /* BoardingVC.swift */,
				7F30C27928EDC6AE0007AACF /* BoardingVC+Extention.swift */,
				7F30C27428EDBDB00007AACF /* BoardingCell.swift */,
			);
			path = BoardingVC;
			sourceTree = "<group>";
		};
		7F30C27628EDC54D0007AACF /* PageControl */ = {
			isa = PBXGroup;
			children = (
				7F30C27728EDC5620007AACF /* GFPageControl.swift */,
			);
			path = PageControl;
			sourceTree = "<group>";
		};
		7F30C27B28EE07CB0007AACF /* Login */ = {
			isa = PBXGroup;
			children = (
				7F30C27C28EE07FA0007AACF /* LoginVC.swift */,
				7F30C2B028EF4AD40007AACF /* LoginActiveConstraint.swift */,
				7F30C28228EE09290007AACF /* Login+Protocol.swift */,
			);
			path = Login;
			sourceTree = "<group>";
		};
		7F30C27E28EE08A90007AACF /* Presenter */ = {
			isa = PBXGroup;
			children = (
				7F30C28628EE094F0007AACF /* LoginPresenter.swift */,
				7FF92EB428F075D7001EA736 /* RegisterPresenter.swift */,
			);
			path = Presenter;
			sourceTree = "<group>";
		};
		7F617894290EE74100AA101B /* VCs */ = {
			isa = PBXGroup;
			children = (
				7FAAFF8628F4E04E008A9FF2 /* Home */,
				7F62DD9428FF4CBA00FEC944 /* Circles */,
			);
			path = VCs;
			sourceTree = "<group>";
		};
		7F617898290EE7A900AA101B /* CirclesVC */ = {
			isa = PBXGroup;
			children = (
				7FAAFF7E28F4CE7A008A9FF2 /* CirclesVC.swift */,
				7F078F0F2923F45A00895441 /* CirclesVC+CollectionVIew.swift */,
				7F078F112923F49E00895441 /* CirclesVC+Protocol.swift */,
			);
			path = CirclesVC;
			sourceTree = "<group>";
		};
		7F62DD9028FDFB4100FEC944 /* Cells */ = {
			isa = PBXGroup;
			children = (
				7F62DD96290018B100FEC944 /* HeaderCell.swift */,
				7FAAFF8D28F5ED1A008A9FF2 /* MemoriesCell.swift */,
				7FAAFF9228F82A05008A9FF2 /* PodCATCell.swift */,
				7F73C9FE2960C36C00579170 /* AboutCatHeaderCell.swift */,
			);
			path = Cells;
			sourceTree = "<group>";
		};
		7F62DD9128FDFB4300FEC944 /* Header */ = {
			isa = PBXGroup;
			children = (
				7F62DD8E28FDFB3400FEC944 /* HeaderView.swift */,
			);
			path = Header;
			sourceTree = "<group>";
		};
		7F62DD9228FDFB4600FEC944 /* VC */ = {
			isa = PBXGroup;
			children = (
				7FAAFF7C28F4CE5A008A9FF2 /* HomeVC.swift */,
				7FAAFF8B28F5B5C0008A9FF2 /* Home+CollectionView.swift */,
				7F73C9FC2960C2D200579170 /* Home+Protocol.swift */,
			);
			path = VC;
			sourceTree = "<group>";
		};
		7F62DD9328FF4CB800FEC944 /* More */ = {
			isa = PBXGroup;
			children = (
				7F89969C2997B8350090C4B2 /* More */,
				7F89969D2997B8570090C4B2 /* Profile */,
				7F8996A12997B98B0090C4B2 /* Settings */,
				7F157B3F29EDF5F000D5BB98 /* Privacy Policy */,
			);
			path = More;
			sourceTree = "<group>";
		};
		7F62DD9428FF4CBA00FEC944 /* Circles */ = {
			isa = PBXGroup;
			children = (
				7FE9596029492E32001B2554 /* CircleDetailsVC */,
				7F617898290EE7A900AA101B /* CirclesVC */,
				7F078F142923F4CF00895441 /* Header */,
				7F078F132923F4CD00895441 /* Cells */,
			);
			path = Circles;
			sourceTree = "<group>";
		};
		7F62DD9528FF4CBD00FEC944 /* Events */ = {
			isa = PBXGroup;
			children = (
				7F887262299158210047A61D /* EventDetailsVC */,
				7F887261299158100047A61D /* EventsVC */,
				7F887254298E787B0047A61D /* Header */,
				7F88724F298D46BB0047A61D /* Cells */,
			);
			path = Events;
			sourceTree = "<group>";
		};
		7F73CA002960C3A700579170 /* AboutCatVC */ = {
			isa = PBXGroup;
			children = (
				7F73CA012960C3CB00579170 /* AboutCatVC.swift */,
				7F73CA032960C3F600579170 /* AboutCatVC+CollectionView.swift */,
				7F73CA052960C41C00579170 /* AboutCat+Protocol.swift */,
			);
			path = AboutCatVC;
			sourceTree = "<group>";
		};
		7F73CA072960C45F00579170 /* Presenter */ = {
			isa = PBXGroup;
			children = (
				7F73CA082960C47E00579170 /* HomePresenter.swift */,
				7F73CA0A2960C49900579170 /* AboutCatPresenter.swift */,
				7F73CA0C2960C4F500579170 /* CirclesPresenter.swift */,
				7F73CA122960CFC800579170 /* CircleDetailsPresenter.swift */,
			);
			path = Presenter;
			sourceTree = "<group>";
		};
		7F88724F298D46BB0047A61D /* Cells */ = {
			isa = PBXGroup;
			children = (
				7F887250298D46E00047A61D /* EventCell.swift */,
				7F88726729915E350047A61D /* EventDetailsHeaderCell.swift */,
			);
			path = Cells;
			sourceTree = "<group>";
		};
		7F887254298E787B0047A61D /* Header */ = {
			isa = PBXGroup;
			children = (
				7F887255298E78970047A61D /* EventsHeader.swift */,
			);
			path = Header;
			sourceTree = "<group>";
		};
		7F887259298E7D180047A61D /* UICollectionReusableView */ = {
			isa = PBXGroup;
			children = (
				7F887252298E76FF0047A61D /* SegmentView.swift */,
			);
			path = UICollectionReusableView;
			sourceTree = "<group>";
		};
		7F88725E299025560047A61D /* CollectionViewCells */ = {
			isa = PBXGroup;
			children = (
				7F88725F299025AC0047A61D /* ImageContainerCell.swift */,
			);
			path = CollectionViewCells;
			sourceTree = "<group>";
		};
		7F887261299158100047A61D /* EventsVC */ = {
			isa = PBXGroup;
			children = (
				7FAAFF8028F4CE8F008A9FF2 /* EventsVC.swift */,
				7F88724D298D45B50047A61D /* Event+CollectionView.swift */,
				7F887257298E79E90047A61D /* Events+Protocol.swift */,
			);
			path = EventsVC;
			sourceTree = "<group>";
		};
		7F887262299158210047A61D /* EventDetailsVC */ = {
			isa = PBXGroup;
			children = (
				7F8872632991584D0047A61D /* EventDetailsVC.swift */,
				7F88726529915A990047A61D /* Events+CollectionView.swift */,
			);
			path = EventDetailsVC;
			sourceTree = "<group>";
		};
		7F8996982997B7960090C4B2 /* Sprent3 */ = {
			isa = PBXGroup;
			children = (
				7F89969B2997B7BB0090C4B2 /* Model */,
				7F89969A2997B7B50090C4B2 /* VCs */,
				7F8996992997B7AE0090C4B2 /* Presenter */,
			);
			path = Sprent3;
			sourceTree = "<group>";
		};
		7F8996992997B7AE0090C4B2 /* Presenter */ = {
			isa = PBXGroup;
			children = (
				7FBE49E0299BE045004105B0 /* EventsPresenter.swift */,
				7FD4405129D3B0CA00FA1222 /* ProfilePresenter.swift */,
				7FD4405529D4C6CA00FA1222 /* CATianPresenter.swift */,
				7FE1D11229F5BCD100999B6F /* SettingPresenter.swift */,
			);
			path = Presenter;
			sourceTree = "<group>";
		};
		7F89969A2997B7B50090C4B2 /* VCs */ = {
			isa = PBXGroup;
			children = (
				7F62DD9528FF4CBD00FEC944 /* Events */,
				7F62DD9328FF4CB800FEC944 /* More */,
			);
			path = VCs;
			sourceTree = "<group>";
		};
		7F89969B2997B7BB0090C4B2 /* Model */ = {
			isa = PBXGroup;
			children = (
				7F88725A298E7D330047A61D /* EventsModel.swift */,
				7F8996AD2998487D0090C4B2 /* SettingsModel.swift */,
			);
			path = Model;
			sourceTree = "<group>";
		};
		7F89969C2997B8350090C4B2 /* More */ = {
			isa = PBXGroup;
			children = (
				EA7031AA294251B10081A652 /* Header */,
				EA7031A5294251360081A652 /* Footers */,
				EA70319C29424A530081A652 /* VC */,
				EA70319D29424A740081A652 /* Cells */,
			);
			path = More;
			sourceTree = "<group>";
		};
		7F89969D2997B8570090C4B2 /* Profile */ = {
			isa = PBXGroup;
			children = (
				7F89969E2997B87F0090C4B2 /* VC */,
			);
			path = Profile;
			sourceTree = "<group>";
		};
		7F89969E2997B87F0090C4B2 /* VC */ = {
			isa = PBXGroup;
			children = (
				7F89969F2997B91A0090C4B2 /* ProfileVC.swift */,
				7FD4404D29D38EAB00FA1222 /* ProfileVC+Constraints.swift */,
				7FD4404F29D38EBA00FA1222 /* ProfileVC+Protocol.swift */,
			);
			path = VC;
			sourceTree = "<group>";
		};
		7F8996A12997B98B0090C4B2 /* Settings */ = {
			isa = PBXGroup;
			children = (
				7F8996A22997B9A70090C4B2 /* SettingsVC.swift */,
				7F8996A62997DB110090C4B2 /* Settings+TableView.swift */,
			);
			path = Settings;
			sourceTree = "<group>";
		};
		7F8996AA2997F1050090C4B2 /* TableViewCells */ = {
			isa = PBXGroup;
			children = (
				7F8996AB2997F1360090C4B2 /* GFSimpleCell.swift */,
			);
			path = TableViewCells;
			sourceTree = "<group>";
		};
		7F8F22CA2A17C6EF003DE448 /* Network Services */ = {
			isa = PBXGroup;
			children = (
				7F8F22CD2A17CB2D003DE448 /* NetwokComponents.swift */,
				7F8F22CB2A17C705003DE448 /* NetwokServices.swift */,
			);
			path = "Network Services";
			sourceTree = "<group>";
		};
		7F8F22CF2A1847F2003DE448 /* Services */ = {
			isa = PBXGroup;
			children = (
				7F8F22D02A184808003DE448 /* AuthServices.swift */,
			);
			path = Services;
			sourceTree = "<group>";
		};
		7F8F22D22A1946C7003DE448 /* Services */ = {
			isa = PBXGroup;
			children = (
				7F8F22D32A1946D6003DE448 /* LoginServices.swift */,
				7F8F22D52A19564A003DE448 /* RegisterServices.swift */,
			);
			path = Services;
			sourceTree = "<group>";
		};
		7FAAFF7728F4CD66008A9FF2 /* GFTab bar controller */ = {
			isa = PBXGroup;
			children = (
				7FAAFF7828F4CD83008A9FF2 /* GFTabBarController.swift */,
			);
			path = "GFTab bar controller";
			sourceTree = "<group>";
		};
		7FAAFF7A28F4CE1E008A9FF2 /* Sprent 1 */ = {
			isa = PBXGroup;
			children = (
				7FB4F39228EB5625008557ED /* Model */,
				7FB4F38928EB559A008557ED /* VCs */,
				7F30C27E28EE08A90007AACF /* Presenter */,
				7F8F22D22A1946C7003DE448 /* Services */,
			);
			path = "Sprent 1";
			sourceTree = "<group>";
		};
		7FAAFF7B28F4CE2B008A9FF2 /* Sprent 2 */ = {
			isa = PBXGroup;
			children = (
				7F078F082923EF7100895441 /* Model */,
				7F617894290EE74100AA101B /* VCs */,
				7F73CA072960C45F00579170 /* Presenter */,
			);
			path = "Sprent 2";
			sourceTree = "<group>";
		};
		7FAAFF8628F4E04E008A9FF2 /* Home */ = {
			isa = PBXGroup;
			children = (
				7F73CA002960C3A700579170 /* AboutCatVC */,
				7F62DD9228FDFB4600FEC944 /* VC */,
				7F62DD9128FDFB4300FEC944 /* Header */,
				7F62DD9028FDFB4100FEC944 /* Cells */,
			);
			path = Home;
			sourceTree = "<group>";
		};
		7FB4F36228EB50F3008557ED = {
			isa = PBXGroup;
			children = (
				7FB4F36D28EB50F3008557ED /* Cat-Reloaded */,
				7FB4F36C28EB50F3008557ED /* Products */,
			);
			sourceTree = "<group>";
		};
		7FB4F36C28EB50F3008557ED /* Products */ = {
			isa = PBXGroup;
			children = (
				7FB4F36B28EB50F3008557ED /* Cat-Reloaded.app */,
			);
			name = Products;
			sourceTree = "<group>";
		};
		7FB4F36D28EB50F3008557ED /* Cat-Reloaded */ = {
			isa = PBXGroup;
			children = (
				7F617888290D88A600AA101B /* Cat-Reloaded.entitlements */,
				7FF92EB028F0751F001EA736 /* Main components */,
				7FF92EB128F07529001EA736 /* App */,
				7FB4F38828EB5544008557ED /* Support */,
				7FB4F37C28EB50F4008557ED /* Info.plist */,
				7F08218E29200B55008AB3BD /* GoogleService-Info.plist */,
			);
			path = "Cat-Reloaded";
			sourceTree = "<group>";
		};
		7FB4F38828EB5544008557ED /* Support */ = {
			isa = PBXGroup;
			children = (
				7F8F22CF2A1847F2003DE448 /* Services */,
				7FB4F36E28EB50F3008557ED /* AppDelegate.swift */,
				7FB4F37028EB50F3008557ED /* SceneDelegate.swift */,
				7FB4F37728EB50F4008557ED /* Assets.xcassets */,
				7FB4F37928EB50F4008557ED /* LaunchScreen.storyboard */,
			);
			path = Support;
			sourceTree = "<group>";
		};
		7FB4F38928EB559A008557ED /* VCs */ = {
			isa = PBXGroup;
			children = (
				7F30C23928ECDCD00007AACF /* BoardingVC */,
				7F30C27B28EE07CB0007AACF /* Login */,
				7FF92EB628F0760F001EA736 /* Register */,
			);
			path = VCs;
			sourceTree = "<group>";
		};
		7FB4F38A28EB559C008557ED /* Views */ = {
			isa = PBXGroup;
			children = (
				7F55642A28F1FD71009342A6 /* GFAlertContainerView.swift */,
				7FAAFF8928F4E117008A9FF2 /* GFCardView.swift */,
				7F549EA22992EBA500E85093 /* GFEmptyStateView.swift */,
				7F11EC4D29F708F000029D3A /* SettingsViewHeader.swift */,
			);
			path = Views;
			sourceTree = "<group>";
		};
		7FB4F38B28EB559F008557ED /* Buttons */ = {
			isa = PBXGroup;
			children = (
				7FB4F38628EB5458008557ED /* GFButton.swift */,
				7F30C23E28ECDDF50007AACF /* GFSimpleButton.swift */,
				7F30C2B228EF62900007AACF /* GFMediaButton.swift */,
				7FD44FAC29C9ABC20080AF42 /* GFLoaderButton.swift */,
			);
			path = Buttons;
			sourceTree = "<group>";
		};
		7FB4F38C28EB55A2008557ED /* TextFields */ = {
			isa = PBXGroup;
			children = (
				7F9052B428EB76D20044F76C /* GFTextField.swift */,
				7FF92EBD28F08A94001EA736 /* GFPickerTextField.swift */,
			);
			path = TextFields;
			sourceTree = "<group>";
		};
		7FB4F38D28EB55A4008557ED /* ViewControllers */ = {
			isa = PBXGroup;
			children = (
				7F55642828F1FD10009342A6 /* GFAlertVC.swift */,
				7F3E930129F727AC00E83494 /* CardVC.swift */,
				7F73CA102960C92000579170 /* Full_imageVC.swift */,
				7FA0009429D5207000D26E4C /* GFAlert.swift */,
			);
			path = ViewControllers;
			sourceTree = "<group>";
		};
		7FB4F38E28EB55A7008557ED /* Labels */ = {
			isa = PBXGroup;
			children = (
				7F9052B028EB731A0044F76C /* GFTitleLabel.swift */,
				7F9052B228EB748C0044F76C /* GFBodyLabel.swift */,
				7FDE9B1D29203C1100949945 /* GFErrorLabel.swift */,
			);
			path = Labels;
			sourceTree = "<group>";
		};
		7FB4F38F28EB55AB008557ED /* ImageViews */ = {
			isa = PBXGroup;
			children = (
				7F30C24628ECE79F0007AACF /* GFImageView.swift */,
				7FAAFF8428F4DCD9008A9FF2 /* GFCirclerImage.swift */,
			);
			path = ImageViews;
			sourceTree = "<group>";
		};
		7FB4F39028EB55E3008557ED /* NavigationController */ = {
			isa = PBXGroup;
			children = (
				7FB4F38228EB510C008557ED /* GFNavigationController.swift */,
			);
			path = NavigationController;
			sourceTree = "<group>";
		};
		7FB4F39128EB560A008557ED /* Components */ = {
			isa = PBXGroup;
			children = (
				7FD44FA929C9AB650080AF42 /* Active Indicator */,
				7F8996AA2997F1050090C4B2 /* TableViewCells */,
				7F88725E299025560047A61D /* CollectionViewCells */,
				7F887259298E7D180047A61D /* UICollectionReusableView */,
				7FE959572948C83F001B2554 /* GFTextView */,
				7F078F192923F55500895441 /* GFSegmentVIew */,
				7FAAFF7728F4CD66008A9FF2 /* GFTab bar controller */,
				7F30C27628EDC54D0007AACF /* PageControl */,
				7FB4F39028EB55E3008557ED /* NavigationController */,
				7FB4F38F28EB55AB008557ED /* ImageViews */,
				7FB4F38E28EB55A7008557ED /* Labels */,
				7FB4F38D28EB55A4008557ED /* ViewControllers */,
				7FB4F38C28EB55A2008557ED /* TextFields */,
				7FB4F38B28EB559F008557ED /* Buttons */,
				7FB4F38A28EB559C008557ED /* Views */,
			);
			path = Components;
			sourceTree = "<group>";
		};
		7FB4F39228EB5625008557ED /* Model */ = {
			isa = PBXGroup;
			children = (
				7F30C23A28ECDCF00007AACF /* Onboarding.swift */,
				7F61788F290DD00A00AA101B /* LoginModel.swift */,
				7F617891290DD1F700AA101B /* SginUpModel.swift */,
			);
			path = Model;
			sourceTree = "<group>";
		};
		7FB4F39328EB563C008557ED /* Extentions */ = {
			isa = PBXGroup;
			children = (
				7F30C23428EC44350007AACF /* ViewController.swift */,
				7F30C2A828EE22BE0007AACF /* TextField.swift */,
				7F3AD4AC2937927300AF0AB1 /* Encodable.swift */,
				7F88725C2990207F0047A61D /* String.swift */,
				7FD4405329D4735300FA1222 /* View.swift */,
				7FE1D0F029F1DC5400999B6F /* URL.swift */,
			);
			path = Extentions;
			sourceTree = "<group>";
		};
		7FB4F39428EB5644008557ED /* Managers */ = {
			isa = PBXGroup;
			children = (
				7F617889290DBAE700AA101B /* NetworkManger.swift */,
				7F61788B290DC4CF00AA101B /* ParsingJson.swift */,
				7F3AD4A82937902400AF0AB1 /* UserDefults.swift */,
			);
			path = Managers;
			sourceTree = "<group>";
		};
		7FB4F39528EB565A008557ED /* Utilties */ = {
			isa = PBXGroup;
			children = (
				7FB4F39828EB56B0008557ED /* ErrorMessages.swift */,
				7FB4F39628EB567E008557ED /* Constant.swift */,
				7F30C24028ECE2710007AACF /* HelperUI.swift */,
				7F61788D290DCA8D00AA101B /* URLs.swift */,
				7F8996A42997D1D70090C4B2 /* DarkTheme.swift */,
			);
			path = Utilties;
			sourceTree = "<group>";
		};
		7FD44FA929C9AB650080AF42 /* Active Indicator */ = {
			isa = PBXGroup;
			children = (
				7FD44FAA29C9AB770080AF42 /* GFActiveIndicator.swift */,
			);
			path = "Active Indicator";
			sourceTree = "<group>";
		};
		7FE959572948C83F001B2554 /* GFTextView */ = {
			isa = PBXGroup;
			children = (
				7FE959582948C860001B2554 /* GFTextView.swift */,
			);
			path = GFTextView;
			sourceTree = "<group>";
		};
		7FE9596029492E32001B2554 /* CircleDetailsVC */ = {
			isa = PBXGroup;
			children = (
				7F94C9B02947BFC800D44363 /* CircleDetailsVC.swift */,
				7F73CA0E2960C6AD00579170 /* CircleDetails+CollectionVIew.swift */,
				7FE9596329492E53001B2554 /* CircleDetails+Protocol.swift */,
			);
			path = CircleDetailsVC;
			sourceTree = "<group>";
		};
		7FF92EB028F0751F001EA736 /* Main components */ = {
			isa = PBXGroup;
			children = (
				7F8F22CA2A17C6EF003DE448 /* Network Services */,
				7FB4F39528EB565A008557ED /* Utilties */,
				7FB4F39428EB5644008557ED /* Managers */,
				7FB4F39128EB560A008557ED /* Components */,
				7FB4F39328EB563C008557ED /* Extentions */,
			);
			path = "Main components";
			sourceTree = "<group>";
		};
		7FF92EB128F07529001EA736 /* App */ = {
			isa = PBXGroup;
			children = (
				7FAAFF7A28F4CE1E008A9FF2 /* Sprent 1 */,
				7FAAFF7B28F4CE2B008A9FF2 /* Sprent 2 */,
				7F8996982997B7960090C4B2 /* Sprent3 */,
			);
			path = App;
			sourceTree = "<group>";
		};
		7FF92EB628F0760F001EA736 /* Register */ = {
			isa = PBXGroup;
			children = (
				7FF92EB728F07624001EA736 /* RegisterVC.swift */,
				7FF92EB928F07688001EA736 /* RegisterActiveConstraint.swift */,
				7FF92EBB28F0774B001EA736 /* Register+Protocol.swift */,
			);
			path = Register;
			sourceTree = "<group>";
		};
		EA70319C29424A530081A652 /* VC */ = {
			isa = PBXGroup;
			children = (
				7FAAFF8228F4CEA7008A9FF2 /* CATianVC.swift */,
				EACD70F929463E6500940592 /* CATianVC+TableView.swift */,
				7FD4405729D4CBAB00FA1222 /* CATianVC+Protocols.swift */,
			);
			path = VC;
			sourceTree = "<group>";
		};
		EA70319D29424A740081A652 /* Cells */ = {
			isa = PBXGroup;
			children = (
				EACD70F729463A2B00940592 /* ProfileCell.swift */,
			);
			path = Cells;
			sourceTree = "<group>";
		};
		EA7031A5294251360081A652 /* Footers */ = {
			isa = PBXGroup;
			children = (
				EACD70F52946393300940592 /* ProfileFooter.swift */,
			);
			path = Footers;
			sourceTree = "<group>";
		};
		EA7031AA294251B10081A652 /* Header */ = {
			isa = PBXGroup;
			children = (
				EACD70F32946386600940592 /* ProfileHeader.swift */,
			);
			path = Header;
			sourceTree = "<group>";
		};
/* End PBXGroup section */

/* Begin PBXNativeTarget section */
		7FB4F36A28EB50F3008557ED /* Cat-Reloaded */ = {
			isa = PBXNativeTarget;
			buildConfigurationList = 7FB4F37F28EB50F4008557ED /* Build configuration list for PBXNativeTarget "Cat-Reloaded" */;
			buildPhases = (
				7FB4F36728EB50F3008557ED /* Sources */,
				7FB4F36828EB50F3008557ED /* Frameworks */,
				7FB4F36928EB50F3008557ED /* Resources */,
			);
			buildRules = (
			);
			dependencies = (
			);
			name = "Cat-Reloaded";
			packageProductDependencies = (
				7F51E5F829E845CC00E5709A /* Alamofire */,
				7F51E5FB29E84B4400E5709A /* FacebookLogin */,
				7F51E60C29E8E25A00E5709A /* GoogleSignIn */,
				7FCBE2052A16797300AEF59E /* Kingfisher */,
			);
			productName = "Cat-Reloaded";
			productReference = 7FB4F36B28EB50F3008557ED /* Cat-Reloaded.app */;
			productType = "com.apple.product-type.application";
		};
/* End PBXNativeTarget section */

/* Begin PBXProject section */
		7FB4F36328EB50F3008557ED /* Project object */ = {
			isa = PBXProject;
			attributes = {
				BuildIndependentTargetsInParallel = 1;
				LastSwiftUpdateCheck = 1400;
				LastUpgradeCheck = 1400;
				TargetAttributes = {
					7FB4F36A28EB50F3008557ED = {
						CreatedOnToolsVersion = 14.0;
					};
				};
			};
			buildConfigurationList = 7FB4F36628EB50F3008557ED /* Build configuration list for PBXProject "Cat-Reloaded" */;
			compatibilityVersion = "Xcode 13.0";
			developmentRegion = en;
			hasScannedForEncodings = 0;
			knownRegions = (
				en,
				Base,
			);
			mainGroup = 7FB4F36228EB50F3008557ED;
			packageReferences = (
				7F51E5F729E845CC00E5709A /* XCRemoteSwiftPackageReference "Alamofire" */,
				7F51E5FA29E84B4400E5709A /* XCRemoteSwiftPackageReference "facebook-ios-sdk" */,
				7F51E60B29E8E25A00E5709A /* XCRemoteSwiftPackageReference "GoogleSignIn-iOS" */,
				7FCBE2042A16797300AEF59E /* XCRemoteSwiftPackageReference "Kingfisher" */,
			);
			productRefGroup = 7FB4F36C28EB50F3008557ED /* Products */;
			projectDirPath = "";
			projectRoot = "";
			targets = (
				7FB4F36A28EB50F3008557ED /* Cat-Reloaded */,
			);
		};
/* End PBXProject section */

/* Begin PBXResourcesBuildPhase section */
		7FB4F36928EB50F3008557ED /* Resources */ = {
			isa = PBXResourcesBuildPhase;
			buildActionMask = 2147483647;
			files = (
				7FB4F37B28EB50F4008557ED /* LaunchScreen.storyboard in Resources */,
				7FB4F37828EB50F4008557ED /* Assets.xcassets in Resources */,
				7F08218F29200B55008AB3BD /* GoogleService-Info.plist in Resources */,
			);
			runOnlyForDeploymentPostprocessing = 0;
		};
/* End PBXResourcesBuildPhase section */

/* Begin PBXSourcesBuildPhase section */
		7FB4F36728EB50F3008557ED /* Sources */ = {
			isa = PBXSourcesBuildPhase;
			buildActionMask = 2147483647;
			files = (
				7F30C28728EE094F0007AACF /* LoginPresenter.swift in Sources */,
				7F30C2A928EE22BE0007AACF /* TextField.swift in Sources */,
				7F73C9FB2960C26200579170 /* AboutCatModel.swift in Sources */,
				7F73CA132960CFC800579170 /* CircleDetailsPresenter.swift in Sources */,
				7F887258298E79E90047A61D /* Events+Protocol.swift in Sources */,
				7F30C27828EDC5620007AACF /* GFPageControl.swift in Sources */,
				7FB4F38328EB510C008557ED /* GFNavigationController.swift in Sources */,
				7FE1D11329F5BCD100999B6F /* SettingPresenter.swift in Sources */,
				7FB4F38728EB5458008557ED /* GFButton.swift in Sources */,
				7F88725D2990207F0047A61D /* String.swift in Sources */,
				7FAAFF8A28F4E117008A9FF2 /* GFCardView.swift in Sources */,
				7FAAFF7D28F4CE5A008A9FF2 /* HomeVC.swift in Sources */,
				EACD70F42946386600940592 /* ProfileHeader.swift in Sources */,
				7F078F102923F45A00895441 /* CirclesVC+CollectionVIew.swift in Sources */,
				7F11EC4E29F708F000029D3A /* SettingsViewHeader.swift in Sources */,
				7F73CA042960C3F600579170 /* AboutCatVC+CollectionView.swift in Sources */,
				7FD4405229D3B0CA00FA1222 /* ProfilePresenter.swift in Sources */,
				7F62DD8F28FDFB3400FEC944 /* HeaderView.swift in Sources */,
				EACD70FA29463E6500940592 /* CATianVC+TableView.swift in Sources */,
				7F30C23528EC44350007AACF /* ViewController.swift in Sources */,
				7FE9596429492E53001B2554 /* CircleDetails+Protocol.swift in Sources */,
				7FB4F39928EB56B0008557ED /* ErrorMessages.swift in Sources */,
				7FF92EB528F075D7001EA736 /* RegisterPresenter.swift in Sources */,
				7F61788C290DC4CF00AA101B /* ParsingJson.swift in Sources */,
				7F73C9F92960C24000579170 /* HomeModel.swift in Sources */,
				7F73CA0F2960C6AD00579170 /* CircleDetails+CollectionVIew.swift in Sources */,
				7FB4F39728EB567E008557ED /* Constant.swift in Sources */,
				7FD44FAB29C9AB770080AF42 /* GFActiveIndicator.swift in Sources */,
				7FE1D0F129F1DC5400999B6F /* URL.swift in Sources */,
				7F9052B528EB76D20044F76C /* GFTextField.swift in Sources */,
				7F73CA092960C47E00579170 /* HomePresenter.swift in Sources */,
				7F9052B328EB748C0044F76C /* GFBodyLabel.swift in Sources */,
				7F30C25128ED8E180007AACF /* BoardingVC.swift in Sources */,
				7F8F22D12A184808003DE448 /* AuthServices.swift in Sources */,
				7FE9595B2948D09A001B2554 /* BoardCell.swift in Sources */,
				7F887253298E76FF0047A61D /* SegmentView.swift in Sources */,
				7F617892290DD1F700AA101B /* SginUpModel.swift in Sources */,
				7F3AD4AD2937927300AF0AB1 /* Encodable.swift in Sources */,
				7F078F1B2923F56B00895441 /* CustomSegmentedControl.swift in Sources */,
				7F30C2B328EF62900007AACF /* GFMediaButton.swift in Sources */,
				7FF92EBC28F0774B001EA736 /* Register+Protocol.swift in Sources */,
				7F8F22CC2A17C705003DE448 /* NetwokServices.swift in Sources */,
				7FD44FAD29C9ABC20080AF42 /* GFLoaderButton.swift in Sources */,
				7F8996AC2997F1360090C4B2 /* GFSimpleCell.swift in Sources */,
				7F55642928F1FD10009342A6 /* GFAlertVC.swift in Sources */,
				7FB4F36F28EB50F3008557ED /* AppDelegate.swift in Sources */,
				7FD4405629D4C6CA00FA1222 /* CATianPresenter.swift in Sources */,
				7FF92EB828F07624001EA736 /* RegisterVC.swift in Sources */,
				7F887256298E78970047A61D /* EventsHeader.swift in Sources */,
				7F30C27528EDBDB00007AACF /* BoardingCell.swift in Sources */,
				7F73C9FF2960C36C00579170 /* AboutCatHeaderCell.swift in Sources */,
				7F30C27A28EDC6AE0007AACF /* BoardingVC+Extention.swift in Sources */,
				7F3AD4A92937902400AF0AB1 /* UserDefults.swift in Sources */,
				7F8996AE2998487D0090C4B2 /* SettingsModel.swift in Sources */,
				7FAAFF8328F4CEA7008A9FF2 /* CATianVC.swift in Sources */,
				7FE9596629492E74001B2554 /* CircleDetailsModel.swift in Sources */,
				7F55642B28F1FD71009342A6 /* GFAlertContainerView.swift in Sources */,
				7F61788A290DBAE700AA101B /* NetworkManger.swift in Sources */,
				7FE9595F29492366001B2554 /* CircleDetailsHeaderCell.swift in Sources */,
				7FAAFF8528F4DCD9008A9FF2 /* GFCirclerImage.swift in Sources */,
				7F73CA0D2960C4F500579170 /* CirclesPresenter.swift in Sources */,
				7F617890290DD00A00AA101B /* LoginModel.swift in Sources */,
				7FA0009529D5207000D26E4C /* GFAlert.swift in Sources */,
				7F8996A32997B9A70090C4B2 /* SettingsVC.swift in Sources */,
				7F078F182923F52B00895441 /* CircleHeader.swift in Sources */,
				7F73C9FD2960C2D200579170 /* Home+Protocol.swift in Sources */,
				7F8996A72997DB110090C4B2 /* Settings+TableView.swift in Sources */,
				7F078F122923F49E00895441 /* CirclesVC+Protocol.swift in Sources */,
				7F8F22D42A1946D6003DE448 /* LoginServices.swift in Sources */,
				7F078F0E2923F40200895441 /* CircleModel.swift in Sources */,
				7F88726829915E350047A61D /* EventDetailsHeaderCell.swift in Sources */,
				7FB4F37128EB50F3008557ED /* SceneDelegate.swift in Sources */,
				7FAAFF8128F4CE8F008A9FF2 /* EventsVC.swift in Sources */,
				7F8996A02997B91A0090C4B2 /* ProfileVC.swift in Sources */,
				7F88725B298E7D330047A61D /* EventsModel.swift in Sources */,
				7F94C9B12947BFC800D44363 /* CircleDetailsVC.swift in Sources */,
				7F30C28328EE09290007AACF /* Login+Protocol.swift in Sources */,
				7F30C27D28EE07FA0007AACF /* LoginVC.swift in Sources */,
				7F73CA062960C41C00579170 /* AboutCat+Protocol.swift in Sources */,
				7F73CA022960C3CB00579170 /* AboutCatVC.swift in Sources */,
				7FD4405829D4CBAB00FA1222 /* CATianVC+Protocols.swift in Sources */,
				EACD70F62946393300940592 /* ProfileFooter.swift in Sources */,
				7F88724E298D45B50047A61D /* Event+CollectionView.swift in Sources */,
				7F62DD97290018B100FEC944 /* HeaderCell.swift in Sources */,
				7F8872642991584D0047A61D /* EventDetailsVC.swift in Sources */,
				7F73CA0B2960C49900579170 /* AboutCatPresenter.swift in Sources */,
				7F157B4129EDF61E00D5BB98 /* PrivacyPolicyVC.swift in Sources */,
				7FF92EBE28F08A94001EA736 /* GFPickerTextField.swift in Sources */,
				7F30C2B128EF4AD50007AACF /* LoginActiveConstraint.swift in Sources */,
				7F30C23F28ECDDF50007AACF /* GFSimpleButton.swift in Sources */,
				7FD4405429D4735300FA1222 /* View.swift in Sources */,
				7F9052B128EB731A0044F76C /* GFTitleLabel.swift in Sources */,
				7F73CA112960C92000579170 /* Full_imageVC.swift in Sources */,
				7FAAFF8E28F5ED1B008A9FF2 /* MemoriesCell.swift in Sources */,
				7F30C24128ECE2710007AACF /* HelperUI.swift in Sources */,
				7FAAFF8C28F5B5C0008A9FF2 /* Home+CollectionView.swift in Sources */,
				7F887260299025AC0047A61D /* ImageContainerCell.swift in Sources */,
				7F30C23B28ECDCF00007AACF /* Onboarding.swift in Sources */,
				7F30C24728ECE79F0007AACF /* GFImageView.swift in Sources */,
				7F8F22CE2A17CB2D003DE448 /* NetwokComponents.swift in Sources */,
				7FD4405029D38EBA00FA1222 /* ProfileVC+Protocol.swift in Sources */,
				7F3E930229F727AC00E83494 /* CardVC.swift in Sources */,
				7F61788E290DCA8D00AA101B /* URLs.swift in Sources */,
				7FF92EBA28F07688001EA736 /* RegisterActiveConstraint.swift in Sources */,
				7F8F22D62A19564B003DE448 /* RegisterServices.swift in Sources */,
				7F8996A52997D1D70090C4B2 /* DarkTheme.swift in Sources */,
				7F887251298D46E00047A61D /* EventCell.swift in Sources */,
				7FE959592948C860001B2554 /* GFTextView.swift in Sources */,
				7FDE9B1E29203C1100949945 /* GFErrorLabel.swift in Sources */,
				7FAAFF7F28F4CE7A008A9FF2 /* CirclesVC.swift in Sources */,
				7FBE49E1299BE045004105B0 /* EventsPresenter.swift in Sources */,
				7F078F162923F50700895441 /* CircleCell.swift in Sources */,
				EACD70F829463A2B00940592 /* ProfileCell.swift in Sources */,
				7FD4404E29D38EAB00FA1222 /* ProfileVC+Constraints.swift in Sources */,
				7F88726629915A990047A61D /* Events+CollectionView.swift in Sources */,
				7FAAFF7928F4CD83008A9FF2 /* GFTabBarController.swift in Sources */,
				7FAAFF9328F82A05008A9FF2 /* PodCATCell.swift in Sources */,
				7F549EA32992EBA500E85093 /* GFEmptyStateView.swift in Sources */,
			);
			runOnlyForDeploymentPostprocessing = 0;
		};
/* End PBXSourcesBuildPhase section */

/* Begin PBXVariantGroup section */
		7FB4F37928EB50F4008557ED /* LaunchScreen.storyboard */ = {
			isa = PBXVariantGroup;
			children = (
				7FB4F37A28EB50F4008557ED /* Base */,
			);
			name = LaunchScreen.storyboard;
			sourceTree = "<group>";
		};
/* End PBXVariantGroup section */

/* Begin XCBuildConfiguration section */
		7FB4F37D28EB50F4008557ED /* Debug */ = {
			isa = XCBuildConfiguration;
			buildSettings = {
				ALWAYS_SEARCH_USER_PATHS = NO;
				CLANG_ANALYZER_NONNULL = YES;
				CLANG_ANALYZER_NUMBER_OBJECT_CONVERSION = YES_AGGRESSIVE;
				CLANG_CXX_LANGUAGE_STANDARD = "gnu++20";
				CLANG_ENABLE_MODULES = YES;
				CLANG_ENABLE_OBJC_ARC = YES;
				CLANG_ENABLE_OBJC_WEAK = YES;
				CLANG_WARN_BLOCK_CAPTURE_AUTORELEASING = YES;
				CLANG_WARN_BOOL_CONVERSION = YES;
				CLANG_WARN_COMMA = YES;
				CLANG_WARN_CONSTANT_CONVERSION = YES;
				CLANG_WARN_DEPRECATED_OBJC_IMPLEMENTATIONS = YES;
				CLANG_WARN_DIRECT_OBJC_ISA_USAGE = YES_ERROR;
				CLANG_WARN_DOCUMENTATION_COMMENTS = YES;
				CLANG_WARN_EMPTY_BODY = YES;
				CLANG_WARN_ENUM_CONVERSION = YES;
				CLANG_WARN_INFINITE_RECURSION = YES;
				CLANG_WARN_INT_CONVERSION = YES;
				CLANG_WARN_NON_LITERAL_NULL_CONVERSION = YES;
				CLANG_WARN_OBJC_IMPLICIT_RETAIN_SELF = YES;
				CLANG_WARN_OBJC_LITERAL_CONVERSION = YES;
				CLANG_WARN_OBJC_ROOT_CLASS = YES_ERROR;
				CLANG_WARN_QUOTED_INCLUDE_IN_FRAMEWORK_HEADER = YES;
				CLANG_WARN_RANGE_LOOP_ANALYSIS = YES;
				CLANG_WARN_STRICT_PROTOTYPES = YES;
				CLANG_WARN_SUSPICIOUS_MOVE = YES;
				CLANG_WARN_UNGUARDED_AVAILABILITY = YES_AGGRESSIVE;
				CLANG_WARN_UNREACHABLE_CODE = YES;
				CLANG_WARN__DUPLICATE_METHOD_MATCH = YES;
				COPY_PHASE_STRIP = NO;
				DEBUG_INFORMATION_FORMAT = dwarf;
				ENABLE_STRICT_OBJC_MSGSEND = YES;
				ENABLE_TESTABILITY = YES;
				GCC_C_LANGUAGE_STANDARD = gnu11;
				GCC_DYNAMIC_NO_PIC = NO;
				GCC_NO_COMMON_BLOCKS = YES;
				GCC_OPTIMIZATION_LEVEL = 0;
				GCC_PREPROCESSOR_DEFINITIONS = (
					"DEBUG=1",
					"$(inherited)",
				);
				GCC_WARN_64_TO_32_BIT_CONVERSION = YES;
				GCC_WARN_ABOUT_RETURN_TYPE = YES_ERROR;
				GCC_WARN_UNDECLARED_SELECTOR = YES;
				GCC_WARN_UNINITIALIZED_AUTOS = YES_AGGRESSIVE;
				GCC_WARN_UNUSED_FUNCTION = YES;
				GCC_WARN_UNUSED_VARIABLE = YES;
				IPHONEOS_DEPLOYMENT_TARGET = 16.0;
				MTL_ENABLE_DEBUG_INFO = INCLUDE_SOURCE;
				MTL_FAST_MATH = YES;
				ONLY_ACTIVE_ARCH = YES;
				SDKROOT = iphoneos;
				SWIFT_ACTIVE_COMPILATION_CONDITIONS = DEBUG;
				SWIFT_OPTIMIZATION_LEVEL = "-Onone";
			};
			name = Debug;
		};
		7FB4F37E28EB50F4008557ED /* Release */ = {
			isa = XCBuildConfiguration;
			buildSettings = {
				ALWAYS_SEARCH_USER_PATHS = NO;
				CLANG_ANALYZER_NONNULL = YES;
				CLANG_ANALYZER_NUMBER_OBJECT_CONVERSION = YES_AGGRESSIVE;
				CLANG_CXX_LANGUAGE_STANDARD = "gnu++20";
				CLANG_ENABLE_MODULES = YES;
				CLANG_ENABLE_OBJC_ARC = YES;
				CLANG_ENABLE_OBJC_WEAK = YES;
				CLANG_WARN_BLOCK_CAPTURE_AUTORELEASING = YES;
				CLANG_WARN_BOOL_CONVERSION = YES;
				CLANG_WARN_COMMA = YES;
				CLANG_WARN_CONSTANT_CONVERSION = YES;
				CLANG_WARN_DEPRECATED_OBJC_IMPLEMENTATIONS = YES;
				CLANG_WARN_DIRECT_OBJC_ISA_USAGE = YES_ERROR;
				CLANG_WARN_DOCUMENTATION_COMMENTS = YES;
				CLANG_WARN_EMPTY_BODY = YES;
				CLANG_WARN_ENUM_CONVERSION = YES;
				CLANG_WARN_INFINITE_RECURSION = YES;
				CLANG_WARN_INT_CONVERSION = YES;
				CLANG_WARN_NON_LITERAL_NULL_CONVERSION = YES;
				CLANG_WARN_OBJC_IMPLICIT_RETAIN_SELF = YES;
				CLANG_WARN_OBJC_LITERAL_CONVERSION = YES;
				CLANG_WARN_OBJC_ROOT_CLASS = YES_ERROR;
				CLANG_WARN_QUOTED_INCLUDE_IN_FRAMEWORK_HEADER = YES;
				CLANG_WARN_RANGE_LOOP_ANALYSIS = YES;
				CLANG_WARN_STRICT_PROTOTYPES = YES;
				CLANG_WARN_SUSPICIOUS_MOVE = YES;
				CLANG_WARN_UNGUARDED_AVAILABILITY = YES_AGGRESSIVE;
				CLANG_WARN_UNREACHABLE_CODE = YES;
				CLANG_WARN__DUPLICATE_METHOD_MATCH = YES;
				COPY_PHASE_STRIP = NO;
				DEBUG_INFORMATION_FORMAT = "dwarf-with-dsym";
				ENABLE_NS_ASSERTIONS = NO;
				ENABLE_STRICT_OBJC_MSGSEND = YES;
				GCC_C_LANGUAGE_STANDARD = gnu11;
				GCC_NO_COMMON_BLOCKS = YES;
				GCC_WARN_64_TO_32_BIT_CONVERSION = YES;
				GCC_WARN_ABOUT_RETURN_TYPE = YES_ERROR;
				GCC_WARN_UNDECLARED_SELECTOR = YES;
				GCC_WARN_UNINITIALIZED_AUTOS = YES_AGGRESSIVE;
				GCC_WARN_UNUSED_FUNCTION = YES;
				GCC_WARN_UNUSED_VARIABLE = YES;
				IPHONEOS_DEPLOYMENT_TARGET = 16.0;
				MTL_ENABLE_DEBUG_INFO = NO;
				MTL_FAST_MATH = YES;
				SDKROOT = iphoneos;
				SWIFT_COMPILATION_MODE = wholemodule;
				SWIFT_OPTIMIZATION_LEVEL = "-O";
				VALIDATE_PRODUCT = YES;
			};
			name = Release;
		};
		7FB4F38028EB50F4008557ED /* Debug */ = {
			isa = XCBuildConfiguration;
			buildSettings = {
				ASSETCATALOG_COMPILER_APPICON_NAME = AppIcon;
				ASSETCATALOG_COMPILER_GLOBAL_ACCENT_COLOR_NAME = AccentColor;
				ASSETCATALOG_COMPILER_INCLUDE_ALL_APPICON_ASSETS = YES;
				CODE_SIGN_ENTITLEMENTS = "Cat-Reloaded/Cat-Reloaded.entitlements";
				CODE_SIGN_STYLE = Automatic;
				CURRENT_PROJECT_VERSION = 1;
				DEVELOPMENT_TEAM = VTVS9935PF;
				GENERATE_INFOPLIST_FILE = YES;
				INFOPLIST_FILE = "Cat-Reloaded/Info.plist";
				INFOPLIST_KEY_UIApplicationSupportsIndirectInputEvents = YES;
				INFOPLIST_KEY_UILaunchStoryboardName = "";
				INFOPLIST_KEY_UIMainStoryboardFile = "";
				INFOPLIST_KEY_UIStatusBarHidden = NO;
				INFOPLIST_KEY_UIStatusBarStyle = "";
				INFOPLIST_KEY_UISupportedInterfaceOrientations = UIInterfaceOrientationPortrait;
				IPHONEOS_DEPLOYMENT_TARGET = 14.0;
				LD_RUNPATH_SEARCH_PATHS = (
					"$(inherited)",
					"@executable_path/Frameworks",
				);
				MARKETING_VERSION = 0.1.0;
				PRODUCT_BUNDLE_IDENTIFIER = org.catreloaded.app;
				PRODUCT_NAME = "$(TARGET_NAME)";
				SUPPORTED_PLATFORMS = "iphoneos iphonesimulator";
				SUPPORTS_MACCATALYST = NO;
				SUPPORTS_MAC_DESIGNED_FOR_IPHONE_IPAD = NO;
				SWIFT_EMIT_LOC_STRINGS = YES;
				SWIFT_VERSION = 5.0;
				TARGETED_DEVICE_FAMILY = 1;
			};
			name = Debug;
		};
		7FB4F38128EB50F4008557ED /* Release */ = {
			isa = XCBuildConfiguration;
			buildSettings = {
				ASSETCATALOG_COMPILER_APPICON_NAME = AppIcon;
				ASSETCATALOG_COMPILER_GLOBAL_ACCENT_COLOR_NAME = AccentColor;
				ASSETCATALOG_COMPILER_INCLUDE_ALL_APPICON_ASSETS = YES;
				CODE_SIGN_ENTITLEMENTS = "Cat-Reloaded/Cat-Reloaded.entitlements";
				CODE_SIGN_STYLE = Automatic;
				CURRENT_PROJECT_VERSION = 1;
				DEVELOPMENT_TEAM = VTVS9935PF;
				GENERATE_INFOPLIST_FILE = YES;
				INFOPLIST_FILE = "Cat-Reloaded/Info.plist";
				INFOPLIST_KEY_UIApplicationSupportsIndirectInputEvents = YES;
				INFOPLIST_KEY_UILaunchStoryboardName = "";
				INFOPLIST_KEY_UIMainStoryboardFile = "";
				INFOPLIST_KEY_UIStatusBarHidden = NO;
				INFOPLIST_KEY_UIStatusBarStyle = "";
				INFOPLIST_KEY_UISupportedInterfaceOrientations = UIInterfaceOrientationPortrait;
				IPHONEOS_DEPLOYMENT_TARGET = 14.0;
				LD_RUNPATH_SEARCH_PATHS = (
					"$(inherited)",
					"@executable_path/Frameworks",
				);
				MARKETING_VERSION = 0.1.0;
				PRODUCT_BUNDLE_IDENTIFIER = org.catreloaded.app;
				PRODUCT_NAME = "$(TARGET_NAME)";
				SUPPORTED_PLATFORMS = "iphoneos iphonesimulator";
				SUPPORTS_MACCATALYST = NO;
				SUPPORTS_MAC_DESIGNED_FOR_IPHONE_IPAD = NO;
				SWIFT_EMIT_LOC_STRINGS = YES;
				SWIFT_VERSION = 5.0;
				TARGETED_DEVICE_FAMILY = 1;
			};
			name = Release;
		};
/* End XCBuildConfiguration section */

/* Begin XCConfigurationList section */
		7FB4F36628EB50F3008557ED /* Build configuration list for PBXProject "Cat-Reloaded" */ = {
			isa = XCConfigurationList;
			buildConfigurations = (
				7FB4F37D28EB50F4008557ED /* Debug */,
				7FB4F37E28EB50F4008557ED /* Release */,
			);
			defaultConfigurationIsVisible = 0;
			defaultConfigurationName = Release;
		};
		7FB4F37F28EB50F4008557ED /* Build configuration list for PBXNativeTarget "Cat-Reloaded" */ = {
			isa = XCConfigurationList;
			buildConfigurations = (
				7FB4F38028EB50F4008557ED /* Debug */,
				7FB4F38128EB50F4008557ED /* Release */,
			);
			defaultConfigurationIsVisible = 0;
			defaultConfigurationName = Release;
		};
/* End XCConfigurationList section */

/* Begin XCRemoteSwiftPackageReference section */
		7F51E5F729E845CC00E5709A /* XCRemoteSwiftPackageReference "Alamofire" */ = {
			isa = XCRemoteSwiftPackageReference;
			repositoryURL = "https://github.com/Alamofire/Alamofire";
			requirement = {
				kind = upToNextMajorVersion;
				minimumVersion = 5.0.0;
			};
		};
		7F51E5FA29E84B4400E5709A /* XCRemoteSwiftPackageReference "facebook-ios-sdk" */ = {
			isa = XCRemoteSwiftPackageReference;
			repositoryURL = "https://github.com/facebook/facebook-ios-sdk.git";
			requirement = {
				kind = upToNextMajorVersion;
				minimumVersion = 9.0.0;
			};
		};
		7F51E60B29E8E25A00E5709A /* XCRemoteSwiftPackageReference "GoogleSignIn-iOS" */ = {
			isa = XCRemoteSwiftPackageReference;
			repositoryURL = "https://github.com/google/GoogleSignIn-iOS";
			requirement = {
				kind = upToNextMajorVersion;
				minimumVersion = 7.0.0;
			};
		};
		7FCBE2042A16797300AEF59E /* XCRemoteSwiftPackageReference "Kingfisher" */ = {
			isa = XCRemoteSwiftPackageReference;
			repositoryURL = "https://github.com/onevcat/Kingfisher.git";
			requirement = {
				kind = upToNextMajorVersion;
				minimumVersion = 7.0.0;
			};
		};
/* End XCRemoteSwiftPackageReference section */

/* Begin XCSwiftPackageProductDependency section */
		7F51E5F829E845CC00E5709A /* Alamofire */ = {
			isa = XCSwiftPackageProductDependency;
			package = 7F51E5F729E845CC00E5709A /* XCRemoteSwiftPackageReference "Alamofire" */;
			productName = Alamofire;
		};
		7F51E5FB29E84B4400E5709A /* FacebookLogin */ = {
			isa = XCSwiftPackageProductDependency;
			package = 7F51E5FA29E84B4400E5709A /* XCRemoteSwiftPackageReference "facebook-ios-sdk" */;
			productName = FacebookLogin;
		};
		7F51E60C29E8E25A00E5709A /* GoogleSignIn */ = {
			isa = XCSwiftPackageProductDependency;
			package = 7F51E60B29E8E25A00E5709A /* XCRemoteSwiftPackageReference "GoogleSignIn-iOS" */;
			productName = GoogleSignIn;
		};
		7FCBE2052A16797300AEF59E /* Kingfisher */ = {
			isa = XCSwiftPackageProductDependency;
			package = 7FCBE2042A16797300AEF59E /* XCRemoteSwiftPackageReference "Kingfisher" */;
			productName = Kingfisher;
		};
/* End XCSwiftPackageProductDependency section */
	};
	rootObject = 7FB4F36328EB50F3008557ED /* Project object */;
}
